// !$*UTF8*$!
{
	archiveVersion = 1;
	classes = {
	};
	objectVersion = 56;
	objects = {

/* Begin PBXBuildFile section */
		330E4D6129C66743008BDE3A /* SignUpEmployee.storyboard in Resources */ = {isa = PBXBuildFile; fileRef = 330E4D6029C66743008BDE3A /* SignUpEmployee.storyboard */; };
		33255D5C29C6455D004A49FB /* SignInScreen.storyboard in Resources */ = {isa = PBXBuildFile; fileRef = 33255D5B29C6455D004A49FB /* SignInScreen.storyboard */; };
		33255D5E29C64576004A49FB /* SignInVC.swift in Sources */ = {isa = PBXBuildFile; fileRef = 33255D5D29C64576004A49FB /* SignInVC.swift */; };
		5507D68929CFE209003297B4 /* UIImage+Avatar.swift in Sources */ = {isa = PBXBuildFile; fileRef = 5507D68829CFE209003297B4 /* UIImage+Avatar.swift */; };
		5507D68B29CFE7CD003297B4 /* ViewAllEmployeeTVC.swift in Sources */ = {isa = PBXBuildFile; fileRef = 5507D68A29CFE7CD003297B4 /* ViewAllEmployeeTVC.swift */; };
		55162A0E29D634AA00C89431 /* RequestVC.swift in Sources */ = {isa = PBXBuildFile; fileRef = 55162A0D29D634AA00C89431 /* RequestVC.swift */; };
		55162A1029D637C200C89431 /* TimeOff.swift in Sources */ = {isa = PBXBuildFile; fileRef = 55162A0F29D637C200C89431 /* TimeOff.swift */; };
		55162A1229D6390700C89431 /* TimeOff.storyboard in Resources */ = {isa = PBXBuildFile; fileRef = 55162A1129D6390700C89431 /* TimeOff.storyboard */; };
		55162A1429D6392000C89431 /* AddTimeOffVC.swift in Sources */ = {isa = PBXBuildFile; fileRef = 55162A1329D6392000C89431 /* AddTimeOffVC.swift */; };
		551B1D1429CCCD45003B9862 /* AddEmployeeTVC.swift in Sources */ = {isa = PBXBuildFile; fileRef = 551B1D1329CCCD45003B9862 /* AddEmployeeTVC.swift */; };
		551B1D1629CCCE16003B9862 /* AvatarCell.swift in Sources */ = {isa = PBXBuildFile; fileRef = 551B1D1529CCCE16003B9862 /* AvatarCell.swift */; };
		551B1D1829CCCE40003B9862 /* InputFieldCell.swift in Sources */ = {isa = PBXBuildFile; fileRef = 551B1D1729CCCE40003B9862 /* InputFieldCell.swift */; };
		551B1D1A29CCCE50003B9862 /* AddCardCell.swift in Sources */ = {isa = PBXBuildFile; fileRef = 551B1D1929CCCE50003B9862 /* AddCardCell.swift */; };
		55209CC829D0758A000D5726 /* SchedulerVC.swift in Sources */ = {isa = PBXBuildFile; fileRef = 55209CC729D0758A000D5726 /* SchedulerVC.swift */; };
		55209CCB29D084A3000D5726 /* DayCell.swift in Sources */ = {isa = PBXBuildFile; fileRef = 55209CCA29D084A3000D5726 /* DayCell.swift */; };
		55212E8A29D178E20094738B /* EmployeePicker.storyboard in Resources */ = {isa = PBXBuildFile; fileRef = 55212E8929D178E20094738B /* EmployeePicker.storyboard */; };
		55212E8C29D178ED0094738B /* EmployeePickerVC.swift in Sources */ = {isa = PBXBuildFile; fileRef = 55212E8B29D178ED0094738B /* EmployeePickerVC.swift */; };
		55212E8E29D1C6450094738B /* Shift.swift in Sources */ = {isa = PBXBuildFile; fileRef = 55212E8D29D1C6450094738B /* Shift.swift */; };
		55212E9029D211610094738B /* ViewShiftVC.swift in Sources */ = {isa = PBXBuildFile; fileRef = 55212E8F29D211610094738B /* ViewShiftVC.swift */; };
		55212E9229D222D10094738B /* ShiftDetailsCell.swift in Sources */ = {isa = PBXBuildFile; fileRef = 55212E9129D222D10094738B /* ShiftDetailsCell.swift */; };
		552396E329C6592C00EE9323 /* SignUpBusinessAccountVC.swift in Sources */ = {isa = PBXBuildFile; fileRef = 552396E229C6592C00EE9323 /* SignUpBusinessAccountVC.swift */; };
		552396E529C6647700EE9323 /* PlanCard.xib in Resources */ = {isa = PBXBuildFile; fileRef = 552396E429C6647700EE9323 /* PlanCard.xib */; };
		552396E729C6665600EE9323 /* UIView+CornerRadius.swift in Sources */ = {isa = PBXBuildFile; fileRef = 552396E629C6665600EE9323 /* UIView+CornerRadius.swift */; };
		552396E929C6670A00EE9323 /* PlanCard.swift in Sources */ = {isa = PBXBuildFile; fileRef = 552396E829C6670A00EE9323 /* PlanCard.swift */; };
		552396EB29C668D500EE9323 /* SetupBusinessVC.swift in Sources */ = {isa = PBXBuildFile; fileRef = 552396EA29C668D500EE9323 /* SetupBusinessVC.swift */; };
		552EF6AA29CA14D700BF5EDA /* ViewAllBranchTVC.swift in Sources */ = {isa = PBXBuildFile; fileRef = 552EF6A929CA14D700BF5EDA /* ViewAllBranchTVC.swift */; };
		552EF6AC29CA159100BF5EDA /* CardCell.swift in Sources */ = {isa = PBXBuildFile; fileRef = 552EF6AB29CA159100BF5EDA /* CardCell.swift */; };
		5530836B29C98C1800080070 /* NavigationItem.swift in Sources */ = {isa = PBXBuildFile; fileRef = 5530836A29C98C1800080070 /* NavigationItem.swift */; };
		5530836D29C99E0E00080070 /* ActiveEmployee.swift in Sources */ = {isa = PBXBuildFile; fileRef = 5530836C29C99E0E00080070 /* ActiveEmployee.swift */; };
		553D02A429C9539B0076AEBD /* UIViewController+Alert.swift in Sources */ = {isa = PBXBuildFile; fileRef = 553D02A329C9539B0076AEBD /* UIViewController+Alert.swift */; };
		553D02A629C955EE0076AEBD /* ColorPicker.storyboard in Resources */ = {isa = PBXBuildFile; fileRef = 553D02A529C955EE0076AEBD /* ColorPicker.storyboard */; };
		553D02AA29C956FA0076AEBD /* ColorPickerVC.swift in Sources */ = {isa = PBXBuildFile; fileRef = 553D02A929C956FA0076AEBD /* ColorPickerVC.swift */; };
		553D02AC29C96BE90076AEBD /* Branch.swift in Sources */ = {isa = PBXBuildFile; fileRef = 553D02AB29C96BE90076AEBD /* Branch.swift */; };
		553D02AE29C96F5D0076AEBD /* Color.swift in Sources */ = {isa = PBXBuildFile; fileRef = 553D02AD29C96F5D0076AEBD /* Color.swift */; };
		553D02B029C974A90076AEBD /* UIColor+Hex.swift in Sources */ = {isa = PBXBuildFile; fileRef = 553D02AF29C974A90076AEBD /* UIColor+Hex.swift */; };
		553D5BE529C630D600EB46B9 /* AuthHelper.swift in Sources */ = {isa = PBXBuildFile; fileRef = 553D5BE429C630D600EB46B9 /* AuthHelper.swift */; };
		553D5BE729C654A300EB46B9 /* SignUpBusiness.storyboard in Resources */ = {isa = PBXBuildFile; fileRef = 553D5BE629C654A300EB46B9 /* SignUpBusiness.storyboard */; };
		554917B529C4E59E00132051 /* SelectLocation.storyboard in Resources */ = {isa = PBXBuildFile; fileRef = 554917B429C4E59E00132051 /* SelectLocation.storyboard */; };
		554917B929C4F59400132051 /* TextInput.xib in Resources */ = {isa = PBXBuildFile; fileRef = 554917B829C4F59400132051 /* TextInput.xib */; };
		554917BC29C4F7F400132051 /* TextInput.swift in Sources */ = {isa = PBXBuildFile; fileRef = 554917BB29C4F7F400132051 /* TextInput.swift */; };
		5549DA5429C76E3200E51828 /* ValidationHelper.swift in Sources */ = {isa = PBXBuildFile; fileRef = 5549DA5329C76E3200E51828 /* ValidationHelper.swift */; };
		5549DA5829C7E38E00E51828 /* LoadingViewController.swift in Sources */ = {isa = PBXBuildFile; fileRef = 5549DA5729C7E38E00E51828 /* LoadingViewController.swift */; };
		5549DA5A29C7F11300E51828 /* FirestoreHelper.swift in Sources */ = {isa = PBXBuildFile; fileRef = 5549DA5929C7F11300E51828 /* FirestoreHelper.swift */; };
		5549DA5D29C7F15C00E51828 /* Employee.swift in Sources */ = {isa = PBXBuildFile; fileRef = 5549DA5C29C7F15C00E51828 /* Employee.swift */; };
		5549DA5F29C88EA900E51828 /* Business.swift in Sources */ = {isa = PBXBuildFile; fileRef = 5549DA5E29C88EA900E51828 /* Business.swift */; };
		5549DA6129C8A80200E51828 /* UIViewController+isModal.swift in Sources */ = {isa = PBXBuildFile; fileRef = 5549DA6029C8A80200E51828 /* UIViewController+isModal.swift */; };
		5549DA6329C8B06B00E51828 /* TabBar.storyboard in Resources */ = {isa = PBXBuildFile; fileRef = 5549DA6229C8B06B00E51828 /* TabBar.storyboard */; };
		5549DA6529C8BE3800E51828 /* MoreTabVC.swift in Sources */ = {isa = PBXBuildFile; fileRef = 5549DA6429C8BE3800E51828 /* MoreTabVC.swift */; };
		554F1A5E29D041A900875E3E /* ViewEmployeeVC.swift in Sources */ = {isa = PBXBuildFile; fileRef = 554F1A5D29D041A900875E3E /* ViewEmployeeVC.swift */; };
		554F1A6029D0420A00875E3E /* EmployeeDetailsCell.swift in Sources */ = {isa = PBXBuildFile; fileRef = 554F1A5F29D0420A00875E3E /* EmployeeDetailsCell.swift */; };
		5552C5B629D770CC0035C982 /* AddTimeOffVC.swift in Sources */ = {isa = PBXBuildFile; fileRef = 5552C5B529D770CC0035C982 /* AddTimeOffVC.swift */; };
		5552C5B829D771140035C982 /* TimeOff.swift in Sources */ = {isa = PBXBuildFile; fileRef = 5552C5B729D771140035C982 /* TimeOff.swift */; };
		5552C5BA29D771380035C982 /* TimeOff.storyboard in Resources */ = {isa = PBXBuildFile; fileRef = 5552C5B929D771380035C982 /* TimeOff.storyboard */; };
		5552C5BC29D7717A0035C982 /* RequestVC.swift in Sources */ = {isa = PBXBuildFile; fileRef = 5552C5BB29D7717A0035C982 /* RequestVC.swift */; };
		5552C5BE29D781010035C982 /* ApprovalStatus.swift in Sources */ = {isa = PBXBuildFile; fileRef = 5552C5BD29D781010035C982 /* ApprovalStatus.swift */; };
		555F37EA29C91DCE0058EAE6 /* Branch.storyboard in Resources */ = {isa = PBXBuildFile; fileRef = 555F37E929C91DCE0058EAE6 /* Branch.storyboard */; };
		55624ACE29CA4BFF00B55A7F /* BranchDetailCell.swift in Sources */ = {isa = PBXBuildFile; fileRef = 55624ACD29CA4BFF00B55A7F /* BranchDetailCell.swift */; };
		55788EFE29C9894700C352ED /* NavigationItem.xib in Resources */ = {isa = PBXBuildFile; fileRef = 55788EFD29C9894700C352ED /* NavigationItem.xib */; };
		557B933729CF8113006A3FD3 /* SetupEmployeeVC.swift in Sources */ = {isa = PBXBuildFile; fileRef = 557B933629CF8113006A3FD3 /* SetupEmployeeVC.swift */; };
		558DD27629C514D500909594 /* OtpInputVC.swift in Sources */ = {isa = PBXBuildFile; fileRef = 558DD27429C514D500909594 /* OtpInputVC.swift */; };
		558DF0BB29D102680012C87E /* Shift.storyboard in Resources */ = {isa = PBXBuildFile; fileRef = 558DF0BA29D102680012C87E /* Shift.storyboard */; };
		558DF0BD29D102D60012C87E /* AddShiftTVC.swift in Sources */ = {isa = PBXBuildFile; fileRef = 558DF0BC29D102D60012C87E /* AddShiftTVC.swift */; };
		558DF0BF29D1255B0012C87E /* Date+Format.swift in Sources */ = {isa = PBXBuildFile; fileRef = 558DF0BE29D1255B0012C87E /* Date+Format.swift */; };
		558DF0C129D127B70012C87E /* TimeRangePicker.swift in Sources */ = {isa = PBXBuildFile; fileRef = 558DF0C029D127B70012C87E /* TimeRangePicker.swift */; };
		558DF0C329D170FD0012C87E /* ColorPickerCell.swift in Sources */ = {isa = PBXBuildFile; fileRef = 558DF0C229D170FD0012C87E /* ColorPickerCell.swift */; };
		559C7BBE29C9B781002BE062 /* Card.xib in Resources */ = {isa = PBXBuildFile; fileRef = 559C7BBD29C9B781002BE062 /* Card.xib */; };
		559C7BC029C9B9DC002BE062 /* Card.swift in Sources */ = {isa = PBXBuildFile; fileRef = 559C7BBF29C9B9DC002BE062 /* Card.swift */; };
		55A91F8F29C4D7A8004576B0 /* SelectLocationVC.swift in Sources */ = {isa = PBXBuildFile; fileRef = 55A91F8D29C4D7A8004576B0 /* SelectLocationVC.swift */; };
		55B3445A29CA687D00CC73DD /* Role.storyboard in Resources */ = {isa = PBXBuildFile; fileRef = 55B3445929CA687D00CC73DD /* Role.storyboard */; };
		55B3445C29CA694800CC73DD /* ViewAllRoleTVC.swift in Sources */ = {isa = PBXBuildFile; fileRef = 55B3445B29CA694800CC73DD /* ViewAllRoleTVC.swift */; };
		55B3445E29CA6A6000CC73DD /* ViewRoleTVC.swift in Sources */ = {isa = PBXBuildFile; fileRef = 55B3445D29CA6A6000CC73DD /* ViewRoleTVC.swift */; };
		55B3446029CA6AB000CC73DD /* AddRoleVC.swift in Sources */ = {isa = PBXBuildFile; fileRef = 55B3445F29CA6AB000CC73DD /* AddRoleVC.swift */; };
		55B3446229CA6AD700CC73DD /* Role.swift in Sources */ = {isa = PBXBuildFile; fileRef = 55B3446129CA6AD700CC73DD /* Role.swift */; };
		55B3446429CA6C5300CC73DD /* RoleDetailCell.swift in Sources */ = {isa = PBXBuildFile; fileRef = 55B3446329CA6C5300CC73DD /* RoleDetailCell.swift */; };
		55B3B8C529C60C4000B3DA5E /* UIHelper.swift in Sources */ = {isa = PBXBuildFile; fileRef = 55B3B8C429C60C4000B3DA5E /* UIHelper.swift */; };
		55B3B8C729C6122600B3DA5E /* GoogleService-Info.plist in Resources */ = {isa = PBXBuildFile; fileRef = 55B3B8C629C6122600B3DA5E /* GoogleService-Info.plist */; };
		55BDF09429C93FB00050D223 /* AddBranchVC.swift in Sources */ = {isa = PBXBuildFile; fileRef = 55BDF09329C93FB00050D223 /* AddBranchVC.swift */; };
		55C4120929C4A0000073A8CD /* AppDelegate.swift in Sources */ = {isa = PBXBuildFile; fileRef = 55C4120829C4A0000073A8CD /* AppDelegate.swift */; };
		55C4120B29C4A0000073A8CD /* SceneDelegate.swift in Sources */ = {isa = PBXBuildFile; fileRef = 55C4120A29C4A0000073A8CD /* SceneDelegate.swift */; };
		55C4120D29C4A0000073A8CD /* ViewController.swift in Sources */ = {isa = PBXBuildFile; fileRef = 55C4120C29C4A0000073A8CD /* ViewController.swift */; };
		55C4121029C4A0000073A8CD /* Main.storyboard in Resources */ = {isa = PBXBuildFile; fileRef = 55C4120E29C4A0000073A8CD /* Main.storyboard */; };
		55C4121329C4A0000073A8CD /* AssignNova.xcdatamodeld in Sources */ = {isa = PBXBuildFile; fileRef = 55C4121129C4A0000073A8CD /* AssignNova.xcdatamodeld */; };
		55C4121529C4A0010073A8CD /* Assets.xcassets in Resources */ = {isa = PBXBuildFile; fileRef = 55C4121429C4A0010073A8CD /* Assets.xcassets */; };
		55C4121829C4A0010073A8CD /* LaunchScreen.storyboard in Resources */ = {isa = PBXBuildFile; fileRef = 55C4121629C4A0010073A8CD /* LaunchScreen.storyboard */; };
		55C4122329C4A0010073A8CD /* AssignNovaTests.swift in Sources */ = {isa = PBXBuildFile; fileRef = 55C4122229C4A0010073A8CD /* AssignNovaTests.swift */; };
		55C4122D29C4A0010073A8CD /* AssignNovaUITests.swift in Sources */ = {isa = PBXBuildFile; fileRef = 55C4122C29C4A0010073A8CD /* AssignNovaUITests.swift */; };
		55C4122F29C4A0010073A8CD /* AssignNovaUITestsLaunchTests.swift in Sources */ = {isa = PBXBuildFile; fileRef = 55C4122E29C4A0010073A8CD /* AssignNovaUITestsLaunchTests.swift */; };
		55C4123C29C4A72A0073A8CD /* ScrollView.xib in Resources */ = {isa = PBXBuildFile; fileRef = 55C4123B29C4A72A0073A8CD /* ScrollView.xib */; };
		55C6374529CCD5EF00A1570D /* SectionHeaderCell.swift in Sources */ = {isa = PBXBuildFile; fileRef = 55C6374429CCD5EF00A1570D /* SectionHeaderCell.swift */; };
		55C6374729CD1F6F00A1570D /* SelectFieldCell.swift in Sources */ = {isa = PBXBuildFile; fileRef = 55C6374629CD1F6F00A1570D /* SelectFieldCell.swift */; };
		55C6374B29CE717F00A1570D /* BranchPicker.storyboard in Resources */ = {isa = PBXBuildFile; fileRef = 55C6374A29CE717F00A1570D /* BranchPicker.storyboard */; };
		55C6374D29CE724000A1570D /* BranchPickerVC.swift in Sources */ = {isa = PBXBuildFile; fileRef = 55C6374C29CE724000A1570D /* BranchPickerVC.swift */; };
		55C6374F29CF1C8C00A1570D /* RolePickerVC.swift in Sources */ = {isa = PBXBuildFile; fileRef = 55C6374E29CF1C8C00A1570D /* RolePickerVC.swift */; };
		55C6375129CF1D2700A1570D /* RolePicker.storyboard in Resources */ = {isa = PBXBuildFile; fileRef = 55C6375029CF1D2700A1570D /* RolePicker.storyboard */; };
		55D95F2C29C514FC0098B3CC /* OtpInput.storyboard in Resources */ = {isa = PBXBuildFile; fileRef = 55D95F2B29C514FC0098B3CC /* OtpInput.storyboard */; };
		55DB509129CF60610004DCF5 /* SignUpEmployeeVC.swift in Sources */ = {isa = PBXBuildFile; fileRef = 55DB509029CF60610004DCF5 /* SignUpEmployeeVC.swift */; };
		55DD7CDE29CA5063006079FF /* ViewBranchTVC.swift in Sources */ = {isa = PBXBuildFile; fileRef = 55DD7CDD29CA5063006079FF /* ViewBranchTVC.swift */; };
		55FA521229CBD5330057CF67 /* LaunchScreenVC.swift in Sources */ = {isa = PBXBuildFile; fileRef = 55FA521129CBD5330057CF67 /* LaunchScreenVC.swift */; };
		55FA521429CBD6AF0057CF67 /* DecoyLaunchScreen.storyboard in Resources */ = {isa = PBXBuildFile; fileRef = 55FA521329CBD6AF0057CF67 /* DecoyLaunchScreen.storyboard */; };
		77BAD6269B122C1FE4185F99 /* Pods_AssignNova.framework in Frameworks */ = {isa = PBXBuildFile; fileRef = 807ACEB990721CAD6D0AFB9D /* Pods_AssignNova.framework */; };
		B7781BCD29D7909500121D16 /* Facts.swift in Sources */ = {isa = PBXBuildFile; fileRef = B7781BCC29D7909500121D16 /* Facts.swift */; };
		B7BB6FD529C7C15700F4AF8B /* Employee.storyboard in Resources */ = {isa = PBXBuildFile; fileRef = B7BB6FD429C7C15700F4AF8B /* Employee.storyboard */; };
/* End PBXBuildFile section */

/* Begin PBXContainerItemProxy section */
		55C4121F29C4A0010073A8CD /* PBXContainerItemProxy */ = {
			isa = PBXContainerItemProxy;
			containerPortal = 55C411FD29C4A0000073A8CD /* Project object */;
			proxyType = 1;
			remoteGlobalIDString = 55C4120429C4A0000073A8CD;
			remoteInfo = AssignNova;
		};
		55C4122929C4A0010073A8CD /* PBXContainerItemProxy */ = {
			isa = PBXContainerItemProxy;
			containerPortal = 55C411FD29C4A0000073A8CD /* Project object */;
			proxyType = 1;
			remoteGlobalIDString = 55C4120429C4A0000073A8CD;
			remoteInfo = AssignNova;
		};
/* End PBXContainerItemProxy section */

/* Begin PBXFileReference section */
		330E4D6029C66743008BDE3A /* SignUpEmployee.storyboard */ = {isa = PBXFileReference; lastKnownFileType = file.storyboard; path = SignUpEmployee.storyboard; sourceTree = "<group>"; };
		330E4D6629C67F4B008BDE3A /* ConfirmEmployeeEmailViewController.swift */ = {isa = PBXFileReference; lastKnownFileType = sourcecode.swift; path = ConfirmEmployeeEmailViewController.swift; sourceTree = "<group>"; };
		33255D5B29C6455D004A49FB /* SignInScreen.storyboard */ = {isa = PBXFileReference; lastKnownFileType = file.storyboard; path = SignInScreen.storyboard; sourceTree = "<group>"; };
		33255D5D29C64576004A49FB /* SignInVC.swift */ = {isa = PBXFileReference; lastKnownFileType = sourcecode.swift; path = SignInVC.swift; sourceTree = "<group>"; };
		50745C79BED7BBF987BAD79D /* Pods-AssignNova.release.xcconfig */ = {isa = PBXFileReference; includeInIndex = 1; lastKnownFileType = text.xcconfig; name = "Pods-AssignNova.release.xcconfig"; path = "Target Support Files/Pods-AssignNova/Pods-AssignNova.release.xcconfig"; sourceTree = "<group>"; };
		5507D68829CFE209003297B4 /* UIImage+Avatar.swift */ = {isa = PBXFileReference; lastKnownFileType = sourcecode.swift; path = "UIImage+Avatar.swift"; sourceTree = "<group>"; };
		5507D68A29CFE7CD003297B4 /* ViewAllEmployeeTVC.swift */ = {isa = PBXFileReference; lastKnownFileType = sourcecode.swift; path = ViewAllEmployeeTVC.swift; sourceTree = "<group>"; };
		55162A0D29D634AA00C89431 /* RequestVC.swift */ = {isa = PBXFileReference; lastKnownFileType = sourcecode.swift; path = RequestVC.swift; sourceTree = "<group>"; };
		55162A0F29D637C200C89431 /* TimeOff.swift */ = {isa = PBXFileReference; lastKnownFileType = sourcecode.swift; path = TimeOff.swift; sourceTree = "<group>"; };
		55162A1129D6390700C89431 /* TimeOff.storyboard */ = {isa = PBXFileReference; lastKnownFileType = file.storyboard; path = TimeOff.storyboard; sourceTree = "<group>"; };
		55162A1329D6392000C89431 /* AddTimeOffVC.swift */ = {isa = PBXFileReference; lastKnownFileType = sourcecode.swift; path = AddTimeOffVC.swift; sourceTree = "<group>"; };
		551B1D1329CCCD45003B9862 /* AddEmployeeTVC.swift */ = {isa = PBXFileReference; lastKnownFileType = sourcecode.swift; path = AddEmployeeTVC.swift; sourceTree = "<group>"; };
		551B1D1529CCCE16003B9862 /* AvatarCell.swift */ = {isa = PBXFileReference; lastKnownFileType = sourcecode.swift; path = AvatarCell.swift; sourceTree = "<group>"; };
		551B1D1729CCCE40003B9862 /* InputFieldCell.swift */ = {isa = PBXFileReference; lastKnownFileType = sourcecode.swift; path = InputFieldCell.swift; sourceTree = "<group>"; };
		551B1D1929CCCE50003B9862 /* AddCardCell.swift */ = {isa = PBXFileReference; lastKnownFileType = sourcecode.swift; path = AddCardCell.swift; sourceTree = "<group>"; };
		55209CC729D0758A000D5726 /* SchedulerVC.swift */ = {isa = PBXFileReference; lastKnownFileType = sourcecode.swift; path = SchedulerVC.swift; sourceTree = "<group>"; };
		55209CC929D07A8F000D5726 /* Objc-Bridge-Header.h */ = {isa = PBXFileReference; lastKnownFileType = sourcecode.c.h; path = "Objc-Bridge-Header.h"; sourceTree = "<group>"; };
		55209CCA29D084A3000D5726 /* DayCell.swift */ = {isa = PBXFileReference; lastKnownFileType = sourcecode.swift; path = DayCell.swift; sourceTree = "<group>"; };
		55212E8929D178E20094738B /* EmployeePicker.storyboard */ = {isa = PBXFileReference; fileEncoding = 4; lastKnownFileType = file.storyboard; path = EmployeePicker.storyboard; sourceTree = "<group>"; };
		55212E8B29D178ED0094738B /* EmployeePickerVC.swift */ = {isa = PBXFileReference; fileEncoding = 4; lastKnownFileType = sourcecode.swift; path = EmployeePickerVC.swift; sourceTree = "<group>"; };
		55212E8D29D1C6450094738B /* Shift.swift */ = {isa = PBXFileReference; lastKnownFileType = sourcecode.swift; path = Shift.swift; sourceTree = "<group>"; };
		55212E8F29D211610094738B /* ViewShiftVC.swift */ = {isa = PBXFileReference; fileEncoding = 4; lastKnownFileType = sourcecode.swift; path = ViewShiftVC.swift; sourceTree = "<group>"; };
		55212E9129D222D10094738B /* ShiftDetailsCell.swift */ = {isa = PBXFileReference; fileEncoding = 4; lastKnownFileType = sourcecode.swift; path = ShiftDetailsCell.swift; sourceTree = "<group>"; };
		552396E229C6592C00EE9323 /* SignUpBusinessAccountVC.swift */ = {isa = PBXFileReference; lastKnownFileType = sourcecode.swift; path = SignUpBusinessAccountVC.swift; sourceTree = "<group>"; };
		552396E429C6647700EE9323 /* PlanCard.xib */ = {isa = PBXFileReference; lastKnownFileType = file.xib; path = PlanCard.xib; sourceTree = "<group>"; };
		552396E629C6665600EE9323 /* UIView+CornerRadius.swift */ = {isa = PBXFileReference; lastKnownFileType = sourcecode.swift; path = "UIView+CornerRadius.swift"; sourceTree = "<group>"; };
		552396E829C6670A00EE9323 /* PlanCard.swift */ = {isa = PBXFileReference; lastKnownFileType = sourcecode.swift; path = PlanCard.swift; sourceTree = "<group>"; };
		552396EA29C668D500EE9323 /* SetupBusinessVC.swift */ = {isa = PBXFileReference; lastKnownFileType = sourcecode.swift; path = SetupBusinessVC.swift; sourceTree = "<group>"; };
		552EF6A929CA14D700BF5EDA /* ViewAllBranchTVC.swift */ = {isa = PBXFileReference; lastKnownFileType = sourcecode.swift; path = ViewAllBranchTVC.swift; sourceTree = "<group>"; };
		552EF6AB29CA159100BF5EDA /* CardCell.swift */ = {isa = PBXFileReference; lastKnownFileType = sourcecode.swift; path = CardCell.swift; sourceTree = "<group>"; };
		5530836A29C98C1800080070 /* NavigationItem.swift */ = {isa = PBXFileReference; lastKnownFileType = sourcecode.swift; path = NavigationItem.swift; sourceTree = "<group>"; };
		5530836C29C99E0E00080070 /* ActiveEmployee.swift */ = {isa = PBXFileReference; lastKnownFileType = sourcecode.swift; path = ActiveEmployee.swift; sourceTree = "<group>"; };
		553D02A329C9539B0076AEBD /* UIViewController+Alert.swift */ = {isa = PBXFileReference; lastKnownFileType = sourcecode.swift; path = "UIViewController+Alert.swift"; sourceTree = "<group>"; };
		553D02A529C955EE0076AEBD /* ColorPicker.storyboard */ = {isa = PBXFileReference; lastKnownFileType = file.storyboard; path = ColorPicker.storyboard; sourceTree = "<group>"; };
		553D02A929C956FA0076AEBD /* ColorPickerVC.swift */ = {isa = PBXFileReference; lastKnownFileType = sourcecode.swift; path = ColorPickerVC.swift; sourceTree = "<group>"; };
		553D02AB29C96BE90076AEBD /* Branch.swift */ = {isa = PBXFileReference; lastKnownFileType = sourcecode.swift; path = Branch.swift; sourceTree = "<group>"; };
		553D02AD29C96F5D0076AEBD /* Color.swift */ = {isa = PBXFileReference; lastKnownFileType = sourcecode.swift; path = Color.swift; sourceTree = "<group>"; };
		553D02AF29C974A90076AEBD /* UIColor+Hex.swift */ = {isa = PBXFileReference; lastKnownFileType = sourcecode.swift; path = "UIColor+Hex.swift"; sourceTree = "<group>"; };
		553D5BE429C630D600EB46B9 /* AuthHelper.swift */ = {isa = PBXFileReference; lastKnownFileType = sourcecode.swift; path = AuthHelper.swift; sourceTree = "<group>"; };
		553D5BE629C654A300EB46B9 /* SignUpBusiness.storyboard */ = {isa = PBXFileReference; lastKnownFileType = file.storyboard; path = SignUpBusiness.storyboard; sourceTree = "<group>"; };
		554917B429C4E59E00132051 /* SelectLocation.storyboard */ = {isa = PBXFileReference; lastKnownFileType = file.storyboard; path = SelectLocation.storyboard; sourceTree = "<group>"; };
		554917B829C4F59400132051 /* TextInput.xib */ = {isa = PBXFileReference; lastKnownFileType = file.xib; path = TextInput.xib; sourceTree = "<group>"; };
		554917BB29C4F7F400132051 /* TextInput.swift */ = {isa = PBXFileReference; lastKnownFileType = sourcecode.swift; path = TextInput.swift; sourceTree = "<group>"; };
		5549DA5329C76E3200E51828 /* ValidationHelper.swift */ = {isa = PBXFileReference; lastKnownFileType = sourcecode.swift; path = ValidationHelper.swift; sourceTree = "<group>"; };
		5549DA5729C7E38E00E51828 /* LoadingViewController.swift */ = {isa = PBXFileReference; lastKnownFileType = sourcecode.swift; path = LoadingViewController.swift; sourceTree = "<group>"; };
		5549DA5929C7F11300E51828 /* FirestoreHelper.swift */ = {isa = PBXFileReference; lastKnownFileType = sourcecode.swift; path = FirestoreHelper.swift; sourceTree = "<group>"; };
		5549DA5C29C7F15C00E51828 /* Employee.swift */ = {isa = PBXFileReference; lastKnownFileType = sourcecode.swift; path = Employee.swift; sourceTree = "<group>"; };
		5549DA5E29C88EA900E51828 /* Business.swift */ = {isa = PBXFileReference; lastKnownFileType = sourcecode.swift; path = Business.swift; sourceTree = "<group>"; };
		5549DA6029C8A80200E51828 /* UIViewController+isModal.swift */ = {isa = PBXFileReference; lastKnownFileType = sourcecode.swift; path = "UIViewController+isModal.swift"; sourceTree = "<group>"; };
		5549DA6229C8B06B00E51828 /* TabBar.storyboard */ = {isa = PBXFileReference; lastKnownFileType = file.storyboard; path = TabBar.storyboard; sourceTree = "<group>"; };
		5549DA6429C8BE3800E51828 /* MoreTabVC.swift */ = {isa = PBXFileReference; lastKnownFileType = sourcecode.swift; path = MoreTabVC.swift; sourceTree = "<group>"; };
		554F1A5D29D041A900875E3E /* ViewEmployeeVC.swift */ = {isa = PBXFileReference; lastKnownFileType = sourcecode.swift; path = ViewEmployeeVC.swift; sourceTree = "<group>"; };
		554F1A5F29D0420A00875E3E /* EmployeeDetailsCell.swift */ = {isa = PBXFileReference; lastKnownFileType = sourcecode.swift; path = EmployeeDetailsCell.swift; sourceTree = "<group>"; };
		5552C5B529D770CC0035C982 /* AddTimeOffVC.swift */ = {isa = PBXFileReference; fileEncoding = 4; lastKnownFileType = sourcecode.swift; path = AddTimeOffVC.swift; sourceTree = "<group>"; };
		5552C5B729D771140035C982 /* TimeOff.swift */ = {isa = PBXFileReference; fileEncoding = 4; lastKnownFileType = sourcecode.swift; path = TimeOff.swift; sourceTree = "<group>"; };
		5552C5B929D771380035C982 /* TimeOff.storyboard */ = {isa = PBXFileReference; fileEncoding = 4; lastKnownFileType = file.storyboard; path = TimeOff.storyboard; sourceTree = "<group>"; };
		5552C5BB29D7717A0035C982 /* RequestVC.swift */ = {isa = PBXFileReference; fileEncoding = 4; lastKnownFileType = sourcecode.swift; path = RequestVC.swift; sourceTree = "<group>"; };
		5552C5BD29D781010035C982 /* ApprovalStatus.swift */ = {isa = PBXFileReference; lastKnownFileType = sourcecode.swift; path = ApprovalStatus.swift; sourceTree = "<group>"; };
		555F37E929C91DCE0058EAE6 /* Branch.storyboard */ = {isa = PBXFileReference; lastKnownFileType = file.storyboard; path = Branch.storyboard; sourceTree = "<group>"; };
		55624ACD29CA4BFF00B55A7F /* BranchDetailCell.swift */ = {isa = PBXFileReference; lastKnownFileType = sourcecode.swift; path = BranchDetailCell.swift; sourceTree = "<group>"; };
		55788EFD29C9894700C352ED /* NavigationItem.xib */ = {isa = PBXFileReference; lastKnownFileType = file.xib; path = NavigationItem.xib; sourceTree = "<group>"; };
		557B933629CF8113006A3FD3 /* SetupEmployeeVC.swift */ = {isa = PBXFileReference; fileEncoding = 4; lastKnownFileType = sourcecode.swift; path = SetupEmployeeVC.swift; sourceTree = "<group>"; };
		558DD27429C514D500909594 /* OtpInputVC.swift */ = {isa = PBXFileReference; lastKnownFileType = sourcecode.swift; path = OtpInputVC.swift; sourceTree = "<group>"; };
		558DF0BA29D102680012C87E /* Shift.storyboard */ = {isa = PBXFileReference; fileEncoding = 4; lastKnownFileType = file.storyboard; path = Shift.storyboard; sourceTree = "<group>"; };
		558DF0BC29D102D60012C87E /* AddShiftTVC.swift */ = {isa = PBXFileReference; fileEncoding = 4; lastKnownFileType = sourcecode.swift; path = AddShiftTVC.swift; sourceTree = "<group>"; };
		558DF0BE29D1255B0012C87E /* Date+Format.swift */ = {isa = PBXFileReference; lastKnownFileType = sourcecode.swift; path = "Date+Format.swift"; sourceTree = "<group>"; };
		558DF0C029D127B70012C87E /* TimeRangePicker.swift */ = {isa = PBXFileReference; lastKnownFileType = sourcecode.swift; path = TimeRangePicker.swift; sourceTree = "<group>"; };
		558DF0C229D170FD0012C87E /* ColorPickerCell.swift */ = {isa = PBXFileReference; lastKnownFileType = sourcecode.swift; path = ColorPickerCell.swift; sourceTree = "<group>"; };
		559C7BBD29C9B781002BE062 /* Card.xib */ = {isa = PBXFileReference; lastKnownFileType = file.xib; path = Card.xib; sourceTree = "<group>"; };
		559C7BBF29C9B9DC002BE062 /* Card.swift */ = {isa = PBXFileReference; lastKnownFileType = sourcecode.swift; path = Card.swift; sourceTree = "<group>"; };
		55A91F8D29C4D7A8004576B0 /* SelectLocationVC.swift */ = {isa = PBXFileReference; lastKnownFileType = sourcecode.swift; path = SelectLocationVC.swift; sourceTree = "<group>"; };
		55B3445929CA687D00CC73DD /* Role.storyboard */ = {isa = PBXFileReference; lastKnownFileType = file.storyboard; path = Role.storyboard; sourceTree = "<group>"; };
		55B3445B29CA694800CC73DD /* ViewAllRoleTVC.swift */ = {isa = PBXFileReference; lastKnownFileType = sourcecode.swift; path = ViewAllRoleTVC.swift; sourceTree = "<group>"; };
		55B3445D29CA6A6000CC73DD /* ViewRoleTVC.swift */ = {isa = PBXFileReference; lastKnownFileType = sourcecode.swift; path = ViewRoleTVC.swift; sourceTree = "<group>"; };
		55B3445F29CA6AB000CC73DD /* AddRoleVC.swift */ = {isa = PBXFileReference; lastKnownFileType = sourcecode.swift; path = AddRoleVC.swift; sourceTree = "<group>"; };
		55B3446129CA6AD700CC73DD /* Role.swift */ = {isa = PBXFileReference; lastKnownFileType = sourcecode.swift; path = Role.swift; sourceTree = "<group>"; };
		55B3446329CA6C5300CC73DD /* RoleDetailCell.swift */ = {isa = PBXFileReference; lastKnownFileType = sourcecode.swift; path = RoleDetailCell.swift; sourceTree = "<group>"; };
		55B3B8C429C60C4000B3DA5E /* UIHelper.swift */ = {isa = PBXFileReference; lastKnownFileType = sourcecode.swift; path = UIHelper.swift; sourceTree = "<group>"; };
		55B3B8C629C6122600B3DA5E /* GoogleService-Info.plist */ = {isa = PBXFileReference; fileEncoding = 4; lastKnownFileType = text.plist.xml; path = "GoogleService-Info.plist"; sourceTree = "<group>"; };
		55BDF09329C93FB00050D223 /* AddBranchVC.swift */ = {isa = PBXFileReference; lastKnownFileType = sourcecode.swift; path = AddBranchVC.swift; sourceTree = "<group>"; };
		55C4120529C4A0000073A8CD /* AssignNova.app */ = {isa = PBXFileReference; explicitFileType = wrapper.application; includeInIndex = 0; path = AssignNova.app; sourceTree = BUILT_PRODUCTS_DIR; };
		55C4120829C4A0000073A8CD /* AppDelegate.swift */ = {isa = PBXFileReference; lastKnownFileType = sourcecode.swift; path = AppDelegate.swift; sourceTree = "<group>"; };
		55C4120A29C4A0000073A8CD /* SceneDelegate.swift */ = {isa = PBXFileReference; lastKnownFileType = sourcecode.swift; path = SceneDelegate.swift; sourceTree = "<group>"; };
		55C4120C29C4A0000073A8CD /* ViewController.swift */ = {isa = PBXFileReference; lastKnownFileType = sourcecode.swift; path = ViewController.swift; sourceTree = "<group>"; };
		55C4120F29C4A0000073A8CD /* Base */ = {isa = PBXFileReference; lastKnownFileType = file.storyboard; name = Base; path = Base.lproj/Main.storyboard; sourceTree = "<group>"; };
		55C4121229C4A0000073A8CD /* AssignNova.xcdatamodel */ = {isa = PBXFileReference; lastKnownFileType = wrapper.xcdatamodel; path = AssignNova.xcdatamodel; sourceTree = "<group>"; };
		55C4121429C4A0010073A8CD /* Assets.xcassets */ = {isa = PBXFileReference; lastKnownFileType = folder.assetcatalog; path = Assets.xcassets; sourceTree = "<group>"; };
		55C4121729C4A0010073A8CD /* Base */ = {isa = PBXFileReference; lastKnownFileType = file.storyboard; name = Base; path = Base.lproj/LaunchScreen.storyboard; sourceTree = "<group>"; };
		55C4121929C4A0010073A8CD /* Info.plist */ = {isa = PBXFileReference; lastKnownFileType = text.plist.xml; path = Info.plist; sourceTree = "<group>"; };
		55C4121E29C4A0010073A8CD /* AssignNovaTests.xctest */ = {isa = PBXFileReference; explicitFileType = wrapper.cfbundle; includeInIndex = 0; path = AssignNovaTests.xctest; sourceTree = BUILT_PRODUCTS_DIR; };
		55C4122229C4A0010073A8CD /* AssignNovaTests.swift */ = {isa = PBXFileReference; lastKnownFileType = sourcecode.swift; path = AssignNovaTests.swift; sourceTree = "<group>"; };
		55C4122829C4A0010073A8CD /* AssignNovaUITests.xctest */ = {isa = PBXFileReference; explicitFileType = wrapper.cfbundle; includeInIndex = 0; path = AssignNovaUITests.xctest; sourceTree = BUILT_PRODUCTS_DIR; };
		55C4122C29C4A0010073A8CD /* AssignNovaUITests.swift */ = {isa = PBXFileReference; lastKnownFileType = sourcecode.swift; path = AssignNovaUITests.swift; sourceTree = "<group>"; };
		55C4122E29C4A0010073A8CD /* AssignNovaUITestsLaunchTests.swift */ = {isa = PBXFileReference; lastKnownFileType = sourcecode.swift; path = AssignNovaUITestsLaunchTests.swift; sourceTree = "<group>"; };
		55C4123B29C4A72A0073A8CD /* ScrollView.xib */ = {isa = PBXFileReference; lastKnownFileType = file.xib; path = ScrollView.xib; sourceTree = "<group>"; };
		55C6374429CCD5EF00A1570D /* SectionHeaderCell.swift */ = {isa = PBXFileReference; lastKnownFileType = sourcecode.swift; path = SectionHeaderCell.swift; sourceTree = "<group>"; };
		55C6374629CD1F6F00A1570D /* SelectFieldCell.swift */ = {isa = PBXFileReference; lastKnownFileType = sourcecode.swift; path = SelectFieldCell.swift; sourceTree = "<group>"; };
		55C6374A29CE717F00A1570D /* BranchPicker.storyboard */ = {isa = PBXFileReference; fileEncoding = 4; lastKnownFileType = file.storyboard; path = BranchPicker.storyboard; sourceTree = "<group>"; };
		55C6374C29CE724000A1570D /* BranchPickerVC.swift */ = {isa = PBXFileReference; fileEncoding = 4; lastKnownFileType = sourcecode.swift; path = BranchPickerVC.swift; sourceTree = "<group>"; };
		55C6374E29CF1C8C00A1570D /* RolePickerVC.swift */ = {isa = PBXFileReference; fileEncoding = 4; lastKnownFileType = sourcecode.swift; path = RolePickerVC.swift; sourceTree = "<group>"; };
		55C6375029CF1D2700A1570D /* RolePicker.storyboard */ = {isa = PBXFileReference; fileEncoding = 4; lastKnownFileType = file.storyboard; path = RolePicker.storyboard; sourceTree = "<group>"; };
		55D95F2B29C514FC0098B3CC /* OtpInput.storyboard */ = {isa = PBXFileReference; lastKnownFileType = file.storyboard; path = OtpInput.storyboard; sourceTree = "<group>"; };
		55DB509029CF60610004DCF5 /* SignUpEmployeeVC.swift */ = {isa = PBXFileReference; fileEncoding = 4; lastKnownFileType = sourcecode.swift; path = SignUpEmployeeVC.swift; sourceTree = "<group>"; };
		55DB509229CF6A130004DCF5 /* AssignNova.entitlements */ = {isa = PBXFileReference; lastKnownFileType = text.plist.entitlements; path = AssignNova.entitlements; sourceTree = "<group>"; };
		55DD7CDD29CA5063006079FF /* ViewBranchTVC.swift */ = {isa = PBXFileReference; lastKnownFileType = sourcecode.swift; path = ViewBranchTVC.swift; sourceTree = "<group>"; };
		55FA521129CBD5330057CF67 /* LaunchScreenVC.swift */ = {isa = PBXFileReference; lastKnownFileType = sourcecode.swift; path = LaunchScreenVC.swift; sourceTree = "<group>"; };
		55FA521329CBD6AF0057CF67 /* DecoyLaunchScreen.storyboard */ = {isa = PBXFileReference; lastKnownFileType = file.storyboard; path = DecoyLaunchScreen.storyboard; sourceTree = "<group>"; };
		807ACEB990721CAD6D0AFB9D /* Pods_AssignNova.framework */ = {isa = PBXFileReference; explicitFileType = wrapper.framework; includeInIndex = 0; path = Pods_AssignNova.framework; sourceTree = BUILT_PRODUCTS_DIR; };
		B7781BCC29D7909500121D16 /* Facts.swift */ = {isa = PBXFileReference; lastKnownFileType = sourcecode.swift; path = Facts.swift; sourceTree = "<group>"; };
		B7BB6FD429C7C15700F4AF8B /* Employee.storyboard */ = {isa = PBXFileReference; lastKnownFileType = file.storyboard; path = Employee.storyboard; sourceTree = "<group>"; };
		FE72A080CE715E84B0176CE7 /* Pods-AssignNova.debug.xcconfig */ = {isa = PBXFileReference; includeInIndex = 1; lastKnownFileType = text.xcconfig; name = "Pods-AssignNova.debug.xcconfig"; path = "Target Support Files/Pods-AssignNova/Pods-AssignNova.debug.xcconfig"; sourceTree = "<group>"; };
/* End PBXFileReference section */

/* Begin PBXFrameworksBuildPhase section */
		55C4120229C4A0000073A8CD /* Frameworks */ = {
			isa = PBXFrameworksBuildPhase;
			buildActionMask = 2147483647;
			files = (
				77BAD6269B122C1FE4185F99 /* Pods_AssignNova.framework in Frameworks */,
			);
			runOnlyForDeploymentPostprocessing = 0;
		};
		55C4121B29C4A0010073A8CD /* Frameworks */ = {
			isa = PBXFrameworksBuildPhase;
			buildActionMask = 2147483647;
			files = (
			);
			runOnlyForDeploymentPostprocessing = 0;
		};
		55C4122529C4A0010073A8CD /* Frameworks */ = {
			isa = PBXFrameworksBuildPhase;
			buildActionMask = 2147483647;
			files = (
			);
			runOnlyForDeploymentPostprocessing = 0;
		};
/* End PBXFrameworksBuildPhase section */

/* Begin PBXGroup section */
		2965B113CF417893FBF78DE2 /* Frameworks */ = {
			isa = PBXGroup;
			children = (
				807ACEB990721CAD6D0AFB9D /* Pods_AssignNova.framework */,
			);
			name = Frameworks;
			sourceTree = "<group>";
		};
		552396DF29C6589400EE9323 /* extensions */ = {
			isa = PBXGroup;
			children = (
				552396E629C6665600EE9323 /* UIView+CornerRadius.swift */,
				5549DA6029C8A80200E51828 /* UIViewController+isModal.swift */,
				553D02A329C9539B0076AEBD /* UIViewController+Alert.swift */,
				553D02AF29C974A90076AEBD /* UIColor+Hex.swift */,
				5507D68829CFE209003297B4 /* UIImage+Avatar.swift */,
				558DF0BE29D1255B0012C87E /* Date+Format.swift */,
			);
			path = extensions;
			sourceTree = "<group>";
		};
		554917B329C4E58C00132051 /* view */ = {
			isa = PBXGroup;
			children = (
				55C4120E29C4A0000073A8CD /* Main.storyboard */,
				554917B429C4E59E00132051 /* SelectLocation.storyboard */,
				55C4123B29C4A72A0073A8CD /* ScrollView.xib */,
				55C4121629C4A0010073A8CD /* LaunchScreen.storyboard */,
				554917B829C4F59400132051 /* TextInput.xib */,
				55D95F2B29C514FC0098B3CC /* OtpInput.storyboard */,
				330E4D6029C66743008BDE3A /* SignUpEmployee.storyboard */,
				33255D5B29C6455D004A49FB /* SignInScreen.storyboard */,
				553D5BE629C654A300EB46B9 /* SignUpBusiness.storyboard */,
				552396E429C6647700EE9323 /* PlanCard.xib */,
				5549DA6229C8B06B00E51828 /* TabBar.storyboard */,
				555F37E929C91DCE0058EAE6 /* Branch.storyboard */,
				553D02A529C955EE0076AEBD /* ColorPicker.storyboard */,
				55C6374A29CE717F00A1570D /* BranchPicker.storyboard */,
				55212E8929D178E20094738B /* EmployeePicker.storyboard */,
				55C6375029CF1D2700A1570D /* RolePicker.storyboard */,
				55788EFD29C9894700C352ED /* NavigationItem.xib */,
				559C7BBD29C9B781002BE062 /* Card.xib */,
				552EF6AB29CA159100BF5EDA /* CardCell.swift */,
				55624ACD29CA4BFF00B55A7F /* BranchDetailCell.swift */,
				55B3445929CA687D00CC73DD /* Role.storyboard */,
				55B3446329CA6C5300CC73DD /* RoleDetailCell.swift */,
				55FA521329CBD6AF0057CF67 /* DecoyLaunchScreen.storyboard */,
				B7BB6FD429C7C15700F4AF8B /* Employee.storyboard */,
				558DF0BA29D102680012C87E /* Shift.storyboard */,
				551B1D1529CCCE16003B9862 /* AvatarCell.swift */,
				551B1D1729CCCE40003B9862 /* InputFieldCell.swift */,
				551B1D1929CCCE50003B9862 /* AddCardCell.swift */,
				55C6374429CCD5EF00A1570D /* SectionHeaderCell.swift */,
				55C6374629CD1F6F00A1570D /* SelectFieldCell.swift */,
				554F1A5F29D0420A00875E3E /* EmployeeDetailsCell.swift */,
				55212E9129D222D10094738B /* ShiftDetailsCell.swift */,
				55209CCA29D084A3000D5726 /* DayCell.swift */,
				558DF0C229D170FD0012C87E /* ColorPickerCell.swift */,
				5552C5B929D771380035C982 /* TimeOff.storyboard */,
			);
			path = view;
			sourceTree = "<group>";
		};
		5549DA5B29C7F15200E51828 /* model */ = {
			isa = PBXGroup;
			children = (
				5549DA5C29C7F15C00E51828 /* Employee.swift */,
				5549DA5E29C88EA900E51828 /* Business.swift */,
				553D02AB29C96BE90076AEBD /* Branch.swift */,
				553D02AD29C96F5D0076AEBD /* Color.swift */,
				5530836C29C99E0E00080070 /* ActiveEmployee.swift */,
				55B3446129CA6AD700CC73DD /* Role.swift */,
				55212E8D29D1C6450094738B /* Shift.swift */,
				5552C5B729D771140035C982 /* TimeOff.swift */,
				5552C5BD29D781010035C982 /* ApprovalStatus.swift */,
			);
			path = model;
			sourceTree = "<group>";
		};
		55A91F9129C4D837004576B0 /* controller */ = {
			isa = PBXGroup;
			children = (
				55C4120C29C4A0000073A8CD /* ViewController.swift */,
				55A91F8D29C4D7A8004576B0 /* SelectLocationVC.swift */,
				554917BB29C4F7F400132051 /* TextInput.swift */,
				552396E829C6670A00EE9323 /* PlanCard.swift */,
				558DD27429C514D500909594 /* OtpInputVC.swift */,
				552396E229C6592C00EE9323 /* SignUpBusinessAccountVC.swift */,
				552396EA29C668D500EE9323 /* SetupBusinessVC.swift */,
				5549DA5729C7E38E00E51828 /* LoadingViewController.swift */,
				55DB509029CF60610004DCF5 /* SignUpEmployeeVC.swift */,
				557B933629CF8113006A3FD3 /* SetupEmployeeVC.swift */,
				330E4D6629C67F4B008BDE3A /* ConfirmEmployeeEmailViewController.swift */,
				33255D5D29C64576004A49FB /* SignInVC.swift */,
				5549DA6429C8BE3800E51828 /* MoreTabVC.swift */,
				55BDF09329C93FB00050D223 /* AddBranchVC.swift */,
				553D02A929C956FA0076AEBD /* ColorPickerVC.swift */,
				55C6374C29CE724000A1570D /* BranchPickerVC.swift */,
				55212E8B29D178ED0094738B /* EmployeePickerVC.swift */,
				55C6374E29CF1C8C00A1570D /* RolePickerVC.swift */,
				5530836A29C98C1800080070 /* NavigationItem.swift */,
				559C7BBF29C9B9DC002BE062 /* Card.swift */,
				552EF6A929CA14D700BF5EDA /* ViewAllBranchTVC.swift */,
				55DD7CDD29CA5063006079FF /* ViewBranchTVC.swift */,
				55B3445B29CA694800CC73DD /* ViewAllRoleTVC.swift */,
				55B3445D29CA6A6000CC73DD /* ViewRoleTVC.swift */,
				55B3445F29CA6AB000CC73DD /* AddRoleVC.swift */,
				55FA521129CBD5330057CF67 /* LaunchScreenVC.swift */,
				551B1D1329CCCD45003B9862 /* AddEmployeeTVC.swift */,
				558DF0BC29D102D60012C87E /* AddShiftTVC.swift */,
				55212E8F29D211610094738B /* ViewShiftVC.swift */,
				5507D68A29CFE7CD003297B4 /* ViewAllEmployeeTVC.swift */,
				554F1A5D29D041A900875E3E /* ViewEmployeeVC.swift */,
				55209CC729D0758A000D5726 /* SchedulerVC.swift */,
				558DF0C029D127B70012C87E /* TimeRangePicker.swift */,
				5552C5B529D770CC0035C982 /* AddTimeOffVC.swift */,
				5552C5BB29D7717A0035C982 /* RequestVC.swift */,
				B7781BCC29D7909500121D16 /* Facts.swift */,
			);
			path = controller;
			sourceTree = "<group>";
		};
		55B3B8C329C60BE100B3DA5E /* helper */ = {
			isa = PBXGroup;
			children = (
				55209CC929D07A8F000D5726 /* Objc-Bridge-Header.h */,
				55B3B8C429C60C4000B3DA5E /* UIHelper.swift */,
				553D5BE429C630D600EB46B9 /* AuthHelper.swift */,
				5549DA5329C76E3200E51828 /* ValidationHelper.swift */,
				5549DA5929C7F11300E51828 /* FirestoreHelper.swift */,
			);
			path = helper;
			sourceTree = "<group>";
		};
		55C411FC29C4A0000073A8CD = {
			isa = PBXGroup;
			children = (
				55C4120729C4A0000073A8CD /* AssignNova */,
				55C4122129C4A0010073A8CD /* AssignNovaTests */,
				55C4122B29C4A0010073A8CD /* AssignNovaUITests */,
				55C4120629C4A0000073A8CD /* Products */,
				B15CD8872D00593289DD5294 /* Pods */,
				2965B113CF417893FBF78DE2 /* Frameworks */,
			);
			sourceTree = "<group>";
		};
		55C4120629C4A0000073A8CD /* Products */ = {
			isa = PBXGroup;
			children = (
				55C4120529C4A0000073A8CD /* AssignNova.app */,
				55C4121E29C4A0010073A8CD /* AssignNovaTests.xctest */,
				55C4122829C4A0010073A8CD /* AssignNovaUITests.xctest */,
			);
			name = Products;
			sourceTree = "<group>";
		};
		55C4120729C4A0000073A8CD /* AssignNova */ = {
			isa = PBXGroup;
			children = (
				55DB509229CF6A130004DCF5 /* AssignNova.entitlements */,
				5549DA5B29C7F15200E51828 /* model */,
				552396DF29C6589400EE9323 /* extensions */,
				55B3B8C329C60BE100B3DA5E /* helper */,
				554917B329C4E58C00132051 /* view */,
				55A91F9129C4D837004576B0 /* controller */,
				55C4120829C4A0000073A8CD /* AppDelegate.swift */,
				55C4120A29C4A0000073A8CD /* SceneDelegate.swift */,
				55C4121429C4A0010073A8CD /* Assets.xcassets */,
				55C4121929C4A0010073A8CD /* Info.plist */,
				55C4121129C4A0000073A8CD /* AssignNova.xcdatamodeld */,
				55B3B8C629C6122600B3DA5E /* GoogleService-Info.plist */,
			);
			path = AssignNova;
			sourceTree = "<group>";
		};
		55C4122129C4A0010073A8CD /* AssignNovaTests */ = {
			isa = PBXGroup;
			children = (
				55C4122229C4A0010073A8CD /* AssignNovaTests.swift */,
			);
			path = AssignNovaTests;
			sourceTree = "<group>";
		};
		55C4122B29C4A0010073A8CD /* AssignNovaUITests */ = {
			isa = PBXGroup;
			children = (
				55C4122C29C4A0010073A8CD /* AssignNovaUITests.swift */,
				55C4122E29C4A0010073A8CD /* AssignNovaUITestsLaunchTests.swift */,
			);
			path = AssignNovaUITests;
			sourceTree = "<group>";
		};
		B15CD8872D00593289DD5294 /* Pods */ = {
			isa = PBXGroup;
			children = (
				FE72A080CE715E84B0176CE7 /* Pods-AssignNova.debug.xcconfig */,
				50745C79BED7BBF987BAD79D /* Pods-AssignNova.release.xcconfig */,
			);
			path = Pods;
			sourceTree = "<group>";
		};
/* End PBXGroup section */

/* Begin PBXNativeTarget section */
		55C4120429C4A0000073A8CD /* AssignNova */ = {
			isa = PBXNativeTarget;
			buildConfigurationList = 55C4123229C4A0010073A8CD /* Build configuration list for PBXNativeTarget "AssignNova" */;
			buildPhases = (
				44B4C950458183804D24F062 /* [CP] Check Pods Manifest.lock */,
				55C4120129C4A0000073A8CD /* Sources */,
				55C4120229C4A0000073A8CD /* Frameworks */,
				55C4120329C4A0000073A8CD /* Resources */,
				FDC82A31124475687D3E631C /* [CP] Embed Pods Frameworks */,
				CD3A3D1B1289096BB4D9E2E3 /* [CP] Copy Pods Resources */,
			);
			buildRules = (
			);
			dependencies = (
			);
			name = AssignNova;
			productName = AssignNova;
			productReference = 55C4120529C4A0000073A8CD /* AssignNova.app */;
			productType = "com.apple.product-type.application";
		};
		55C4121D29C4A0010073A8CD /* AssignNovaTests */ = {
			isa = PBXNativeTarget;
			buildConfigurationList = 55C4123529C4A0010073A8CD /* Build configuration list for PBXNativeTarget "AssignNovaTests" */;
			buildPhases = (
				55C4121A29C4A0010073A8CD /* Sources */,
				55C4121B29C4A0010073A8CD /* Frameworks */,
				55C4121C29C4A0010073A8CD /* Resources */,
			);
			buildRules = (
			);
			dependencies = (
				55C4122029C4A0010073A8CD /* PBXTargetDependency */,
			);
			name = AssignNovaTests;
			productName = AssignNovaTests;
			productReference = 55C4121E29C4A0010073A8CD /* AssignNovaTests.xctest */;
			productType = "com.apple.product-type.bundle.unit-test";
		};
		55C4122729C4A0010073A8CD /* AssignNovaUITests */ = {
			isa = PBXNativeTarget;
			buildConfigurationList = 55C4123829C4A0010073A8CD /* Build configuration list for PBXNativeTarget "AssignNovaUITests" */;
			buildPhases = (
				55C4122429C4A0010073A8CD /* Sources */,
				55C4122529C4A0010073A8CD /* Frameworks */,
				55C4122629C4A0010073A8CD /* Resources */,
			);
			buildRules = (
			);
			dependencies = (
				55C4122A29C4A0010073A8CD /* PBXTargetDependency */,
			);
			name = AssignNovaUITests;
			productName = AssignNovaUITests;
			productReference = 55C4122829C4A0010073A8CD /* AssignNovaUITests.xctest */;
			productType = "com.apple.product-type.bundle.ui-testing";
		};
/* End PBXNativeTarget section */

/* Begin PBXProject section */
		55C411FD29C4A0000073A8CD /* Project object */ = {
			isa = PBXProject;
			attributes = {
				BuildIndependentTargetsInParallel = 1;
				LastSwiftUpdateCheck = 1420;
				LastUpgradeCheck = 1420;
				TargetAttributes = {
					55C4120429C4A0000073A8CD = {
						CreatedOnToolsVersion = 14.2;
					};
					55C4121D29C4A0010073A8CD = {
						CreatedOnToolsVersion = 14.2;
						TestTargetID = 55C4120429C4A0000073A8CD;
					};
					55C4122729C4A0010073A8CD = {
						CreatedOnToolsVersion = 14.2;
						TestTargetID = 55C4120429C4A0000073A8CD;
					};
				};
			};
			buildConfigurationList = 55C4120029C4A0000073A8CD /* Build configuration list for PBXProject "AssignNova" */;
			compatibilityVersion = "Xcode 14.0";
			developmentRegion = en;
			hasScannedForEncodings = 0;
			knownRegions = (
				en,
				Base,
			);
			mainGroup = 55C411FC29C4A0000073A8CD;
			productRefGroup = 55C4120629C4A0000073A8CD /* Products */;
			projectDirPath = "";
			projectRoot = "";
			targets = (
				55C4120429C4A0000073A8CD /* AssignNova */,
				55C4121D29C4A0010073A8CD /* AssignNovaTests */,
				55C4122729C4A0010073A8CD /* AssignNovaUITests */,
			);
		};
/* End PBXProject section */

/* Begin PBXResourcesBuildPhase section */
		55C4120329C4A0000073A8CD /* Resources */ = {
			isa = PBXResourcesBuildPhase;
			buildActionMask = 2147483647;
			files = (
				554917B529C4E59E00132051 /* SelectLocation.storyboard in Resources */,
				55C6374B29CE717F00A1570D /* BranchPicker.storyboard in Resources */,
				330E4D6129C66743008BDE3A /* SignUpEmployee.storyboard in Resources */,
				5549DA6329C8B06B00E51828 /* TabBar.storyboard in Resources */,
				55C6375129CF1D2700A1570D /* RolePicker.storyboard in Resources */,
				55B3B8C729C6122600B3DA5E /* GoogleService-Info.plist in Resources */,
				553D5BE729C654A300EB46B9 /* SignUpBusiness.storyboard in Resources */,
				5552C5BA29D771380035C982 /* TimeOff.storyboard in Resources */,
				55FA521429CBD6AF0057CF67 /* DecoyLaunchScreen.storyboard in Resources */,
				554917B929C4F59400132051 /* TextInput.xib in Resources */,
				558DF0BB29D102680012C87E /* Shift.storyboard in Resources */,
				55C4121829C4A0010073A8CD /* LaunchScreen.storyboard in Resources */,
				55C4123C29C4A72A0073A8CD /* ScrollView.xib in Resources */,
				559C7BBE29C9B781002BE062 /* Card.xib in Resources */,
				55788EFE29C9894700C352ED /* NavigationItem.xib in Resources */,
				555F37EA29C91DCE0058EAE6 /* Branch.storyboard in Resources */,
				55B3445A29CA687D00CC73DD /* Role.storyboard in Resources */,
				33255D5C29C6455D004A49FB /* SignInScreen.storyboard in Resources */,
				552396E529C6647700EE9323 /* PlanCard.xib in Resources */,
				553D02A629C955EE0076AEBD /* ColorPicker.storyboard in Resources */,
				55212E8A29D178E20094738B /* EmployeePicker.storyboard in Resources */,
				B7BB6FD529C7C15700F4AF8B /* Employee.storyboard in Resources */,
				55C4121529C4A0010073A8CD /* Assets.xcassets in Resources */,
				55C4121029C4A0000073A8CD /* Main.storyboard in Resources */,
				55D95F2C29C514FC0098B3CC /* OtpInput.storyboard in Resources */,
			);
			runOnlyForDeploymentPostprocessing = 0;
		};
		55C4121C29C4A0010073A8CD /* Resources */ = {
			isa = PBXResourcesBuildPhase;
			buildActionMask = 2147483647;
			files = (
			);
			runOnlyForDeploymentPostprocessing = 0;
		};
		55C4122629C4A0010073A8CD /* Resources */ = {
			isa = PBXResourcesBuildPhase;
			buildActionMask = 2147483647;
			files = (
			);
			runOnlyForDeploymentPostprocessing = 0;
		};
/* End PBXResourcesBuildPhase section */

/* Begin PBXShellScriptBuildPhase section */
		44B4C950458183804D24F062 /* [CP] Check Pods Manifest.lock */ = {
			isa = PBXShellScriptBuildPhase;
			buildActionMask = 2147483647;
			files = (
			);
			inputFileListPaths = (
			);
			inputPaths = (
				"${PODS_PODFILE_DIR_PATH}/Podfile.lock",
				"${PODS_ROOT}/Manifest.lock",
			);
			name = "[CP] Check Pods Manifest.lock";
			outputFileListPaths = (
			);
			outputPaths = (
				"$(DERIVED_FILE_DIR)/Pods-AssignNova-checkManifestLockResult.txt",
			);
			runOnlyForDeploymentPostprocessing = 0;
			shellPath = /bin/sh;
			shellScript = "diff \"${PODS_PODFILE_DIR_PATH}/Podfile.lock\" \"${PODS_ROOT}/Manifest.lock\" > /dev/null\nif [ $? != 0 ] ; then\n    # print error to STDERR\n    echo \"error: The sandbox is not in sync with the Podfile.lock. Run 'pod install' or update your CocoaPods installation.\" >&2\n    exit 1\nfi\n# This output is used by Xcode 'outputs' to avoid re-running this script phase.\necho \"SUCCESS\" > \"${SCRIPT_OUTPUT_FILE_0}\"\n";
			showEnvVarsInLog = 0;
		};
		CD3A3D1B1289096BB4D9E2E3 /* [CP] Copy Pods Resources */ = {
			isa = PBXShellScriptBuildPhase;
			buildActionMask = 2147483647;
			files = (
			);
			inputFileListPaths = (
				"${PODS_ROOT}/Target Support Files/Pods-AssignNova/Pods-AssignNova-resources-${CONFIGURATION}-input-files.xcfilelist",
			);
			name = "[CP] Copy Pods Resources";
			outputFileListPaths = (
				"${PODS_ROOT}/Target Support Files/Pods-AssignNova/Pods-AssignNova-resources-${CONFIGURATION}-output-files.xcfilelist",
			);
			runOnlyForDeploymentPostprocessing = 0;
			shellPath = /bin/sh;
			shellScript = "\"${PODS_ROOT}/Target Support Files/Pods-AssignNova/Pods-AssignNova-resources.sh\"\n";
			showEnvVarsInLog = 0;
		};
		FDC82A31124475687D3E631C /* [CP] Embed Pods Frameworks */ = {
			isa = PBXShellScriptBuildPhase;
			buildActionMask = 2147483647;
			files = (
			);
			inputFileListPaths = (
				"${PODS_ROOT}/Target Support Files/Pods-AssignNova/Pods-AssignNova-frameworks-${CONFIGURATION}-input-files.xcfilelist",
			);
			name = "[CP] Embed Pods Frameworks";
			outputFileListPaths = (
				"${PODS_ROOT}/Target Support Files/Pods-AssignNova/Pods-AssignNova-frameworks-${CONFIGURATION}-output-files.xcfilelist",
			);
			runOnlyForDeploymentPostprocessing = 0;
			shellPath = /bin/sh;
			shellScript = "\"${PODS_ROOT}/Target Support Files/Pods-AssignNova/Pods-AssignNova-frameworks.sh\"\n";
			showEnvVarsInLog = 0;
		};
/* End PBXShellScriptBuildPhase section */

/* Begin PBXSourcesBuildPhase section */
		55C4120129C4A0000073A8CD /* Sources */ = {
			isa = PBXSourcesBuildPhase;
			buildActionMask = 2147483647;
			files = (
				554F1A6029D0420A00875E3E /* EmployeeDetailsCell.swift in Sources */,
				558DD27629C514D500909594 /* OtpInputVC.swift in Sources */,
				551B1D1429CCCD45003B9862 /* AddEmployeeTVC.swift in Sources */,
				5530836D29C99E0E00080070 /* ActiveEmployee.swift in Sources */,
				5549DA5829C7E38E00E51828 /* LoadingViewController.swift in Sources */,
				558DF0C329D170FD0012C87E /* ColorPickerCell.swift in Sources */,
				553D02AC29C96BE90076AEBD /* Branch.swift in Sources */,
				552EF6AC29CA159100BF5EDA /* CardCell.swift in Sources */,
				553D02B029C974A90076AEBD /* UIColor+Hex.swift in Sources */,
				33255D5E29C64576004A49FB /* SignInVC.swift in Sources */,
				55C6374529CCD5EF00A1570D /* SectionHeaderCell.swift in Sources */,
				55C4121329C4A0000073A8CD /* AssignNova.xcdatamodeld in Sources */,
				559C7BC029C9B9DC002BE062 /* Card.swift in Sources */,
				552396E929C6670A00EE9323 /* PlanCard.swift in Sources */,
				55B3445E29CA6A6000CC73DD /* ViewRoleTVC.swift in Sources */,
				5549DA6129C8A80200E51828 /* UIViewController+isModal.swift in Sources */,
				55DD7CDE29CA5063006079FF /* ViewBranchTVC.swift in Sources */,
				55B3446029CA6AB000CC73DD /* AddRoleVC.swift in Sources */,
				5549DA5A29C7F11300E51828 /* FirestoreHelper.swift in Sources */,
				558DF0BD29D102D60012C87E /* AddShiftTVC.swift in Sources */,
				55212E9029D211610094738B /* ViewShiftVC.swift in Sources */,
				552396E329C6592C00EE9323 /* SignUpBusinessAccountVC.swift in Sources */,
				55C4120D29C4A0000073A8CD /* ViewController.swift in Sources */,
				552EF6AA29CA14D700BF5EDA /* ViewAllBranchTVC.swift in Sources */,
				55C4120929C4A0000073A8CD /* AppDelegate.swift in Sources */,
				55B3446429CA6C5300CC73DD /* RoleDetailCell.swift in Sources */,
				55A91F8F29C4D7A8004576B0 /* SelectLocationVC.swift in Sources */,
				55624ACE29CA4BFF00B55A7F /* BranchDetailCell.swift in Sources */,
				5507D68929CFE209003297B4 /* UIImage+Avatar.swift in Sources */,
				55C6374D29CE724000A1570D /* BranchPickerVC.swift in Sources */,
				55B3446229CA6AD700CC73DD /* Role.swift in Sources */,
				557B933729CF8113006A3FD3 /* SetupEmployeeVC.swift in Sources */,
				55C4120B29C4A0000073A8CD /* SceneDelegate.swift in Sources */,
				553D02A429C9539B0076AEBD /* UIViewController+Alert.swift in Sources */,
				55B3B8C529C60C4000B3DA5E /* UIHelper.swift in Sources */,
				55212E8E29D1C6450094738B /* Shift.swift in Sources */,
				5552C5BE29D781010035C982 /* ApprovalStatus.swift in Sources */,
				55DB509129CF60610004DCF5 /* SignUpEmployeeVC.swift in Sources */,
				5549DA5F29C88EA900E51828 /* Business.swift in Sources */,
				55FA521229CBD5330057CF67 /* LaunchScreenVC.swift in Sources */,
				55BDF09429C93FB00050D223 /* AddBranchVC.swift in Sources */,
				55C6374729CD1F6F00A1570D /* SelectFieldCell.swift in Sources */,
				55209CC829D0758A000D5726 /* SchedulerVC.swift in Sources */,
				55209CCB29D084A3000D5726 /* DayCell.swift in Sources */,
				551B1D1A29CCCE50003B9862 /* AddCardCell.swift in Sources */,
				553D02AE29C96F5D0076AEBD /* Color.swift in Sources */,
				551B1D1629CCCE16003B9862 /* AvatarCell.swift in Sources */,
				5552C5B629D770CC0035C982 /* AddTimeOffVC.swift in Sources */,
				5549DA5429C76E3200E51828 /* ValidationHelper.swift in Sources */,
				551B1D1829CCCE40003B9862 /* InputFieldCell.swift in Sources */,
				55C6374F29CF1C8C00A1570D /* RolePickerVC.swift in Sources */,
				552396E729C6665600EE9323 /* UIView+CornerRadius.swift in Sources */,
				5549DA6529C8BE3800E51828 /* MoreTabVC.swift in Sources */,
				554F1A5E29D041A900875E3E /* ViewEmployeeVC.swift in Sources */,
				5507D68B29CFE7CD003297B4 /* ViewAllEmployeeTVC.swift in Sources */,
				B7781BCD29D7909500121D16 /* Facts.swift in Sources */,
				55212E9229D222D10094738B /* ShiftDetailsCell.swift in Sources */,
				554917BC29C4F7F400132051 /* TextInput.swift in Sources */,
				553D02AA29C956FA0076AEBD /* ColorPickerVC.swift in Sources */,
				558DF0C129D127B70012C87E /* TimeRangePicker.swift in Sources */,
				552396EB29C668D500EE9323 /* SetupBusinessVC.swift in Sources */,
				553D5BE529C630D600EB46B9 /* AuthHelper.swift in Sources */,
				5530836B29C98C1800080070 /* NavigationItem.swift in Sources */,
				55212E8C29D178ED0094738B /* EmployeePickerVC.swift in Sources */,
				55B3445C29CA694800CC73DD /* ViewAllRoleTVC.swift in Sources */,
				558DF0BF29D1255B0012C87E /* Date+Format.swift in Sources */,
				5552C5BC29D7717A0035C982 /* RequestVC.swift in Sources */,
				5552C5B829D771140035C982 /* TimeOff.swift in Sources */,
				5549DA5D29C7F15C00E51828 /* Employee.swift in Sources */,
			);
			runOnlyForDeploymentPostprocessing = 0;
		};
		55C4121A29C4A0010073A8CD /* Sources */ = {
			isa = PBXSourcesBuildPhase;
			buildActionMask = 2147483647;
			files = (
				55C4122329C4A0010073A8CD /* AssignNovaTests.swift in Sources */,
			);
			runOnlyForDeploymentPostprocessing = 0;
		};
		55C4122429C4A0010073A8CD /* Sources */ = {
			isa = PBXSourcesBuildPhase;
			buildActionMask = 2147483647;
			files = (
				55C4122D29C4A0010073A8CD /* AssignNovaUITests.swift in Sources */,
				55C4122F29C4A0010073A8CD /* AssignNovaUITestsLaunchTests.swift in Sources */,
			);
			runOnlyForDeploymentPostprocessing = 0;
		};
/* End PBXSourcesBuildPhase section */

/* Begin PBXTargetDependency section */
		55C4122029C4A0010073A8CD /* PBXTargetDependency */ = {
			isa = PBXTargetDependency;
			target = 55C4120429C4A0000073A8CD /* AssignNova */;
			targetProxy = 55C4121F29C4A0010073A8CD /* PBXContainerItemProxy */;
		};
		55C4122A29C4A0010073A8CD /* PBXTargetDependency */ = {
			isa = PBXTargetDependency;
			target = 55C4120429C4A0000073A8CD /* AssignNova */;
			targetProxy = 55C4122929C4A0010073A8CD /* PBXContainerItemProxy */;
		};
/* End PBXTargetDependency section */

/* Begin PBXVariantGroup section */
		55C4120E29C4A0000073A8CD /* Main.storyboard */ = {
			isa = PBXVariantGroup;
			children = (
				55C4120F29C4A0000073A8CD /* Base */,
			);
			name = Main.storyboard;
			sourceTree = "<group>";
		};
		55C4121629C4A0010073A8CD /* LaunchScreen.storyboard */ = {
			isa = PBXVariantGroup;
			children = (
				55C4121729C4A0010073A8CD /* Base */,
			);
			name = LaunchScreen.storyboard;
			sourceTree = "<group>";
		};
/* End PBXVariantGroup section */

/* Begin XCBuildConfiguration section */
		55C4123029C4A0010073A8CD /* Debug */ = {
			isa = XCBuildConfiguration;
			buildSettings = {
				ALWAYS_SEARCH_USER_PATHS = NO;
				CLANG_ANALYZER_NONNULL = YES;
				CLANG_ANALYZER_NUMBER_OBJECT_CONVERSION = YES_AGGRESSIVE;
				CLANG_CXX_LANGUAGE_STANDARD = "gnu++20";
				CLANG_ENABLE_MODULES = YES;
				CLANG_ENABLE_OBJC_ARC = YES;
				CLANG_ENABLE_OBJC_WEAK = YES;
				CLANG_WARN_BLOCK_CAPTURE_AUTORELEASING = YES;
				CLANG_WARN_BOOL_CONVERSION = YES;
				CLANG_WARN_COMMA = YES;
				CLANG_WARN_CONSTANT_CONVERSION = YES;
				CLANG_WARN_DEPRECATED_OBJC_IMPLEMENTATIONS = YES;
				CLANG_WARN_DIRECT_OBJC_ISA_USAGE = YES_ERROR;
				CLANG_WARN_DOCUMENTATION_COMMENTS = YES;
				CLANG_WARN_EMPTY_BODY = YES;
				CLANG_WARN_ENUM_CONVERSION = YES;
				CLANG_WARN_INFINITE_RECURSION = YES;
				CLANG_WARN_INT_CONVERSION = YES;
				CLANG_WARN_NON_LITERAL_NULL_CONVERSION = YES;
				CLANG_WARN_OBJC_IMPLICIT_RETAIN_SELF = YES;
				CLANG_WARN_OBJC_LITERAL_CONVERSION = YES;
				CLANG_WARN_OBJC_ROOT_CLASS = YES_ERROR;
				CLANG_WARN_QUOTED_INCLUDE_IN_FRAMEWORK_HEADER = YES;
				CLANG_WARN_RANGE_LOOP_ANALYSIS = YES;
				CLANG_WARN_STRICT_PROTOTYPES = YES;
				CLANG_WARN_SUSPICIOUS_MOVE = YES;
				CLANG_WARN_UNGUARDED_AVAILABILITY = YES_AGGRESSIVE;
				CLANG_WARN_UNREACHABLE_CODE = YES;
				CLANG_WARN__DUPLICATE_METHOD_MATCH = YES;
				COPY_PHASE_STRIP = NO;
				DEBUG_INFORMATION_FORMAT = dwarf;
				ENABLE_STRICT_OBJC_MSGSEND = YES;
				ENABLE_TESTABILITY = YES;
				"EXCLUDED_ARCHS[sdk=iphonesimulator*]" = arm64;
				GCC_C_LANGUAGE_STANDARD = gnu11;
				GCC_DYNAMIC_NO_PIC = NO;
				GCC_NO_COMMON_BLOCKS = YES;
				GCC_OPTIMIZATION_LEVEL = 0;
				GCC_PREPROCESSOR_DEFINITIONS = (
					"DEBUG=1",
					"$(inherited)",
				);
				GCC_WARN_64_TO_32_BIT_CONVERSION = YES;
				GCC_WARN_ABOUT_RETURN_TYPE = YES_ERROR;
				GCC_WARN_UNDECLARED_SELECTOR = YES;
				GCC_WARN_UNINITIALIZED_AUTOS = YES_AGGRESSIVE;
				GCC_WARN_UNUSED_FUNCTION = YES;
				GCC_WARN_UNUSED_VARIABLE = YES;
				IPHONEOS_DEPLOYMENT_TARGET = 16.2;
				MTL_ENABLE_DEBUG_INFO = INCLUDE_SOURCE;
				MTL_FAST_MATH = YES;
				ONLY_ACTIVE_ARCH = YES;
				SDKROOT = iphoneos;
				SWIFT_ACTIVE_COMPILATION_CONDITIONS = DEBUG;
				SWIFT_OPTIMIZATION_LEVEL = "-Onone";
			};
			name = Debug;
		};
		55C4123129C4A0010073A8CD /* Release */ = {
			isa = XCBuildConfiguration;
			buildSettings = {
				ALWAYS_SEARCH_USER_PATHS = NO;
				CLANG_ANALYZER_NONNULL = YES;
				CLANG_ANALYZER_NUMBER_OBJECT_CONVERSION = YES_AGGRESSIVE;
				CLANG_CXX_LANGUAGE_STANDARD = "gnu++20";
				CLANG_ENABLE_MODULES = YES;
				CLANG_ENABLE_OBJC_ARC = YES;
				CLANG_ENABLE_OBJC_WEAK = YES;
				CLANG_WARN_BLOCK_CAPTURE_AUTORELEASING = YES;
				CLANG_WARN_BOOL_CONVERSION = YES;
				CLANG_WARN_COMMA = YES;
				CLANG_WARN_CONSTANT_CONVERSION = YES;
				CLANG_WARN_DEPRECATED_OBJC_IMPLEMENTATIONS = YES;
				CLANG_WARN_DIRECT_OBJC_ISA_USAGE = YES_ERROR;
				CLANG_WARN_DOCUMENTATION_COMMENTS = YES;
				CLANG_WARN_EMPTY_BODY = YES;
				CLANG_WARN_ENUM_CONVERSION = YES;
				CLANG_WARN_INFINITE_RECURSION = YES;
				CLANG_WARN_INT_CONVERSION = YES;
				CLANG_WARN_NON_LITERAL_NULL_CONVERSION = YES;
				CLANG_WARN_OBJC_IMPLICIT_RETAIN_SELF = YES;
				CLANG_WARN_OBJC_LITERAL_CONVERSION = YES;
				CLANG_WARN_OBJC_ROOT_CLASS = YES_ERROR;
				CLANG_WARN_QUOTED_INCLUDE_IN_FRAMEWORK_HEADER = YES;
				CLANG_WARN_RANGE_LOOP_ANALYSIS = YES;
				CLANG_WARN_STRICT_PROTOTYPES = YES;
				CLANG_WARN_SUSPICIOUS_MOVE = YES;
				CLANG_WARN_UNGUARDED_AVAILABILITY = YES_AGGRESSIVE;
				CLANG_WARN_UNREACHABLE_CODE = YES;
				CLANG_WARN__DUPLICATE_METHOD_MATCH = YES;
				COPY_PHASE_STRIP = NO;
				DEBUG_INFORMATION_FORMAT = "dwarf-with-dsym";
				ENABLE_NS_ASSERTIONS = NO;
				ENABLE_STRICT_OBJC_MSGSEND = YES;
				GCC_C_LANGUAGE_STANDARD = gnu11;
				GCC_NO_COMMON_BLOCKS = YES;
				GCC_WARN_64_TO_32_BIT_CONVERSION = YES;
				GCC_WARN_ABOUT_RETURN_TYPE = YES_ERROR;
				GCC_WARN_UNDECLARED_SELECTOR = YES;
				GCC_WARN_UNINITIALIZED_AUTOS = YES_AGGRESSIVE;
				GCC_WARN_UNUSED_FUNCTION = YES;
				GCC_WARN_UNUSED_VARIABLE = YES;
				IPHONEOS_DEPLOYMENT_TARGET = 16.2;
				MTL_ENABLE_DEBUG_INFO = NO;
				MTL_FAST_MATH = YES;
				ONLY_ACTIVE_ARCH = YES;
				SDKROOT = iphoneos;
				SWIFT_COMPILATION_MODE = wholemodule;
				SWIFT_OPTIMIZATION_LEVEL = "-O";
				VALIDATE_PRODUCT = YES;
			};
			name = Release;
		};
		55C4123329C4A0010073A8CD /* Debug */ = {
			isa = XCBuildConfiguration;
			baseConfigurationReference = FE72A080CE715E84B0176CE7 /* Pods-AssignNova.debug.xcconfig */;
			buildSettings = {
				ASSETCATALOG_COMPILER_APPICON_NAME = AppIcon;
				ASSETCATALOG_COMPILER_GLOBAL_ACCENT_COLOR_NAME = AccentColor;
				CODE_SIGN_ENTITLEMENTS = AssignNova/AssignNova.entitlements;
				CODE_SIGN_IDENTITY = "Apple Development";
				CODE_SIGN_STYLE = Automatic;
				CURRENT_PROJECT_VERSION = 1;
				DEVELOPMENT_TEAM = L9Z24WLH63;
				"EXCLUDED_ARCHS[sdk=iphonesimulator*]" = "";
				GENERATE_INFOPLIST_FILE = YES;
				INFOPLIST_FILE = AssignNova/Info.plist;
				INFOPLIST_KEY_CFBundleDisplayName = AssignNova;
				INFOPLIST_KEY_UIApplicationSupportsIndirectInputEvents = YES;
				INFOPLIST_KEY_UILaunchStoryboardName = LaunchScreen;
				INFOPLIST_KEY_UIMainStoryboardFile = Main;
				INFOPLIST_KEY_UISupportedInterfaceOrientations_iPad = "UIInterfaceOrientationPortrait UIInterfaceOrientationPortraitUpsideDown UIInterfaceOrientationLandscapeLeft UIInterfaceOrientationLandscapeRight";
				INFOPLIST_KEY_UISupportedInterfaceOrientations_iPhone = "UIInterfaceOrientationPortrait UIInterfaceOrientationLandscapeLeft UIInterfaceOrientationLandscapeRight";
				LD_RUNPATH_SEARCH_PATHS = (
					"$(inherited)",
					"@executable_path/Frameworks",
				);
				MARKETING_VERSION = 1.0.0;
				PRODUCT_BUNDLE_IDENTIFIER = com.techtoids.assignnova;
				PRODUCT_NAME = "$(TARGET_NAME)";
				PROVISIONING_PROFILE_SPECIFIER = "";
				SWIFT_EMIT_LOC_STRINGS = YES;
				SWIFT_VERSION = 5.0;
				TARGETED_DEVICE_FAMILY = "1,2";
			};
			name = Debug;
		};
		55C4123429C4A0010073A8CD /* Release */ = {
			isa = XCBuildConfiguration;
			baseConfigurationReference = 50745C79BED7BBF987BAD79D /* Pods-AssignNova.release.xcconfig */;
			buildSettings = {
				ASSETCATALOG_COMPILER_APPICON_NAME = AppIcon;
				ASSETCATALOG_COMPILER_GLOBAL_ACCENT_COLOR_NAME = AccentColor;
				CODE_SIGN_ENTITLEMENTS = AssignNova/AssignNova.entitlements;
				CODE_SIGN_IDENTITY = "Apple Development";
				CODE_SIGN_STYLE = Automatic;
				CURRENT_PROJECT_VERSION = 1;
				DEVELOPMENT_TEAM = L9Z24WLH63;
				GENERATE_INFOPLIST_FILE = YES;
				INFOPLIST_FILE = AssignNova/Info.plist;
				INFOPLIST_KEY_CFBundleDisplayName = AssignNova;
				INFOPLIST_KEY_UIApplicationSupportsIndirectInputEvents = YES;
				INFOPLIST_KEY_UILaunchStoryboardName = LaunchScreen;
				INFOPLIST_KEY_UIMainStoryboardFile = Main;
				INFOPLIST_KEY_UISupportedInterfaceOrientations_iPad = "UIInterfaceOrientationPortrait UIInterfaceOrientationPortraitUpsideDown UIInterfaceOrientationLandscapeLeft UIInterfaceOrientationLandscapeRight";
				INFOPLIST_KEY_UISupportedInterfaceOrientations_iPhone = "UIInterfaceOrientationPortrait UIInterfaceOrientationLandscapeLeft UIInterfaceOrientationLandscapeRight";
				LD_RUNPATH_SEARCH_PATHS = (
					"$(inherited)",
					"@executable_path/Frameworks",
				);
				MARKETING_VERSION = 1.0.0;
				PRODUCT_BUNDLE_IDENTIFIER = com.techtoids.assignnova;
				PRODUCT_NAME = "$(TARGET_NAME)";
				PROVISIONING_PROFILE_SPECIFIER = "";
				SWIFT_EMIT_LOC_STRINGS = YES;
				SWIFT_VERSION = 5.0;
				TARGETED_DEVICE_FAMILY = "1,2";
			};
			name = Release;
		};
		55C4123629C4A0010073A8CD /* Debug */ = {
			isa = XCBuildConfiguration;
			buildSettings = {
				ALWAYS_EMBED_SWIFT_STANDARD_LIBRARIES = YES;
				BUNDLE_LOADER = "$(TEST_HOST)";
				CODE_SIGN_STYLE = Automatic;
				CURRENT_PROJECT_VERSION = 1;
				DEVELOPMENT_TEAM = L9Z24WLH63;
				GENERATE_INFOPLIST_FILE = YES;
				IPHONEOS_DEPLOYMENT_TARGET = 16.2;
				MARKETING_VERSION = 1.0;
				PRODUCT_BUNDLE_IDENTIFIER = com.techtoids.assignnovaTests;
				PRODUCT_NAME = "$(TARGET_NAME)";
				SWIFT_EMIT_LOC_STRINGS = NO;
				SWIFT_VERSION = 5.0;
				TARGETED_DEVICE_FAMILY = "1,2";
				TEST_HOST = "$(BUILT_PRODUCTS_DIR)/AssignNova.app/$(BUNDLE_EXECUTABLE_FOLDER_PATH)/AssignNova";
			};
			name = Debug;
		};
		55C4123729C4A0010073A8CD /* Release */ = {
			isa = XCBuildConfiguration;
			buildSettings = {
				ALWAYS_EMBED_SWIFT_STANDARD_LIBRARIES = YES;
				BUNDLE_LOADER = "$(TEST_HOST)";
				CODE_SIGN_STYLE = Automatic;
				CURRENT_PROJECT_VERSION = 1;
				DEVELOPMENT_TEAM = L9Z24WLH63;
				GENERATE_INFOPLIST_FILE = YES;
				IPHONEOS_DEPLOYMENT_TARGET = 16.2;
				MARKETING_VERSION = 1.0;
				PRODUCT_BUNDLE_IDENTIFIER = com.techtoids.assignnovaTests;
				PRODUCT_NAME = "$(TARGET_NAME)";
				SWIFT_EMIT_LOC_STRINGS = NO;
				SWIFT_VERSION = 5.0;
				TARGETED_DEVICE_FAMILY = "1,2";
				TEST_HOST = "$(BUILT_PRODUCTS_DIR)/AssignNova.app/$(BUNDLE_EXECUTABLE_FOLDER_PATH)/AssignNova";
			};
			name = Release;
		};
		55C4123929C4A0010073A8CD /* Debug */ = {
			isa = XCBuildConfiguration;
			buildSettings = {
				ALWAYS_EMBED_SWIFT_STANDARD_LIBRARIES = YES;
				CODE_SIGN_STYLE = Automatic;
				CURRENT_PROJECT_VERSION = 1;
				DEVELOPMENT_TEAM = L9Z24WLH63;
				GENERATE_INFOPLIST_FILE = YES;
				MARKETING_VERSION = 1.0;
				PRODUCT_BUNDLE_IDENTIFIER = com.techtoids.assignnovaUITests;
				PRODUCT_NAME = "$(TARGET_NAME)";
				SWIFT_EMIT_LOC_STRINGS = NO;
				SWIFT_VERSION = 5.0;
				TARGETED_DEVICE_FAMILY = "1,2";
				TEST_TARGET_NAME = AssignNova;
			};
			name = Debug;
		};
		55C4123A29C4A0010073A8CD /* Release */ = {
			isa = XCBuildConfiguration;
			buildSettings = {
				ALWAYS_EMBED_SWIFT_STANDARD_LIBRARIES = YES;
				CODE_SIGN_STYLE = Automatic;
				CURRENT_PROJECT_VERSION = 1;
				DEVELOPMENT_TEAM = L9Z24WLH63;
				GENERATE_INFOPLIST_FILE = YES;
				MARKETING_VERSION = 1.0;
				PRODUCT_BUNDLE_IDENTIFIER = com.techtoids.assignnovaUITests;
				PRODUCT_NAME = "$(TARGET_NAME)";
				SWIFT_EMIT_LOC_STRINGS = NO;
				SWIFT_VERSION = 5.0;
				TARGETED_DEVICE_FAMILY = "1,2";
				TEST_TARGET_NAME = AssignNova;
			};
			name = Release;
		};
/* End XCBuildConfiguration section */

/* Begin XCConfigurationList section */
		55C4120029C4A0000073A8CD /* Build configuration list for PBXProject "AssignNova" */ = {
			isa = XCConfigurationList;
			buildConfigurations = (
				55C4123029C4A0010073A8CD /* Debug */,
				55C4123129C4A0010073A8CD /* Release */,
			);
			defaultConfigurationIsVisible = 0;
			defaultConfigurationName = Release;
		};
		55C4123229C4A0010073A8CD /* Build configuration list for PBXNativeTarget "AssignNova" */ = {
			isa = XCConfigurationList;
			buildConfigurations = (
				55C4123329C4A0010073A8CD /* Debug */,
				55C4123429C4A0010073A8CD /* Release */,
			);
			defaultConfigurationIsVisible = 0;
			defaultConfigurationName = Release;
		};
		55C4123529C4A0010073A8CD /* Build configuration list for PBXNativeTarget "AssignNovaTests" */ = {
			isa = XCConfigurationList;
			buildConfigurations = (
				55C4123629C4A0010073A8CD /* Debug */,
				55C4123729C4A0010073A8CD /* Release */,
			);
			defaultConfigurationIsVisible = 0;
			defaultConfigurationName = Release;
		};
		55C4123829C4A0010073A8CD /* Build configuration list for PBXNativeTarget "AssignNovaUITests" */ = {
			isa = XCConfigurationList;
			buildConfigurations = (
				55C4123929C4A0010073A8CD /* Debug */,
				55C4123A29C4A0010073A8CD /* Release */,
			);
			defaultConfigurationIsVisible = 0;
			defaultConfigurationName = Release;
		};
/* End XCConfigurationList section */

/* Begin XCVersionGroup section */
		55C4121129C4A0000073A8CD /* AssignNova.xcdatamodeld */ = {
			isa = XCVersionGroup;
			children = (
				55C4121229C4A0000073A8CD /* AssignNova.xcdatamodel */,
			);
			currentVersion = 55C4121229C4A0000073A8CD /* AssignNova.xcdatamodel */;
			path = AssignNova.xcdatamodeld;
			sourceTree = "<group>";
			versionGroupType = wrapper.xcdatamodel;
		};
/* End XCVersionGroup section */
	};
	rootObject = 55C411FD29C4A0000073A8CD /* Project object */;
}
