// !$*UTF8*$!
{
	archiveVersion = 1;
	classes = {
	};
	objectVersion = 56;
	objects = {

/* Begin PBXBuildFile section */
		330E4D6129C66743008BDE3A /* SignUpEmployee.storyboard in Resources */ = {isa = PBXBuildFile; fileRef = 330E4D6029C66743008BDE3A /* SignUpEmployee.storyboard */; };
		330E4D6329C66780008BDE3A /* SignUpEmployeeViewController.swift in Sources */ = {isa = PBXBuildFile; fileRef = 330E4D6229C66780008BDE3A /* SignUpEmployeeViewController.swift */; };
		330E4D6529C67438008BDE3A /* SignUpEmployeeSetupViewController.swift in Sources */ = {isa = PBXBuildFile; fileRef = 330E4D6429C67438008BDE3A /* SignUpEmployeeSetupViewController.swift */; };
		330E4D6729C67F4B008BDE3A /* ConfirmEmployeeEmailViewController.swift in Sources */ = {isa = PBXBuildFile; fileRef = 330E4D6629C67F4B008BDE3A /* ConfirmEmployeeEmailViewController.swift */; };
		33255D5C29C6455D004A49FB /* SignInScreen.storyboard in Resources */ = {isa = PBXBuildFile; fileRef = 33255D5B29C6455D004A49FB /* SignInScreen.storyboard */; };
		33255D5E29C64576004A49FB /* SignInVC.swift in Sources */ = {isa = PBXBuildFile; fileRef = 33255D5D29C64576004A49FB /* SignInVC.swift */; };
		552396E329C6592C00EE9323 /* SignUpBusinessAccountVC.swift in Sources */ = {isa = PBXBuildFile; fileRef = 552396E229C6592C00EE9323 /* SignUpBusinessAccountVC.swift */; };
		552396E529C6647700EE9323 /* PlanCard.xib in Resources */ = {isa = PBXBuildFile; fileRef = 552396E429C6647700EE9323 /* PlanCard.xib */; };
		552396E729C6665600EE9323 /* UIView+CornerRadius.swift in Sources */ = {isa = PBXBuildFile; fileRef = 552396E629C6665600EE9323 /* UIView+CornerRadius.swift */; };
		552396E929C6670A00EE9323 /* PlanCard.swift in Sources */ = {isa = PBXBuildFile; fileRef = 552396E829C6670A00EE9323 /* PlanCard.swift */; };
		552396EB29C668D500EE9323 /* SetupBusinessVC.swift in Sources */ = {isa = PBXBuildFile; fileRef = 552396EA29C668D500EE9323 /* SetupBusinessVC.swift */; };
		553D5BE529C630D600EB46B9 /* AuthHelper.swift in Sources */ = {isa = PBXBuildFile; fileRef = 553D5BE429C630D600EB46B9 /* AuthHelper.swift */; };
		553D5BE729C654A300EB46B9 /* SignUpBusiness.storyboard in Resources */ = {isa = PBXBuildFile; fileRef = 553D5BE629C654A300EB46B9 /* SignUpBusiness.storyboard */; };
		554917B529C4E59E00132051 /* SelectLocation.storyboard in Resources */ = {isa = PBXBuildFile; fileRef = 554917B429C4E59E00132051 /* SelectLocation.storyboard */; };
		554917B929C4F59400132051 /* TextInput.xib in Resources */ = {isa = PBXBuildFile; fileRef = 554917B829C4F59400132051 /* TextInput.xib */; };
		554917BC29C4F7F400132051 /* TextInput.swift in Sources */ = {isa = PBXBuildFile; fileRef = 554917BB29C4F7F400132051 /* TextInput.swift */; };
		5549DA5429C76E3200E51828 /* ValidationHelper.swift in Sources */ = {isa = PBXBuildFile; fileRef = 5549DA5329C76E3200E51828 /* ValidationHelper.swift */; };
		5549DA5829C7E38E00E51828 /* LoadingViewController.swift in Sources */ = {isa = PBXBuildFile; fileRef = 5549DA5729C7E38E00E51828 /* LoadingViewController.swift */; };
		5549DA5A29C7F11300E51828 /* FirestoreHelper.swift in Sources */ = {isa = PBXBuildFile; fileRef = 5549DA5929C7F11300E51828 /* FirestoreHelper.swift */; };
		5549DA5D29C7F15C00E51828 /* User.swift in Sources */ = {isa = PBXBuildFile; fileRef = 5549DA5C29C7F15C00E51828 /* User.swift */; };
		5549DA5F29C88EA900E51828 /* Business.swift in Sources */ = {isa = PBXBuildFile; fileRef = 5549DA5E29C88EA900E51828 /* Business.swift */; };
		5549DA6129C8A80200E51828 /* UIViewController+isModal.swift in Sources */ = {isa = PBXBuildFile; fileRef = 5549DA6029C8A80200E51828 /* UIViewController+isModal.swift */; };
		5549DA6329C8B06B00E51828 /* TabBar.storyboard in Resources */ = {isa = PBXBuildFile; fileRef = 5549DA6229C8B06B00E51828 /* TabBar.storyboard */; };
		5549DA6529C8BE3800E51828 /* MoreTabVC.swift in Sources */ = {isa = PBXBuildFile; fileRef = 5549DA6429C8BE3800E51828 /* MoreTabVC.swift */; };
		558DD27629C514D500909594 /* OtpInputVC.swift in Sources */ = {isa = PBXBuildFile; fileRef = 558DD27429C514D500909594 /* OtpInputVC.swift */; };
		55A91F8F29C4D7A8004576B0 /* SelectLocationVC.swift in Sources */ = {isa = PBXBuildFile; fileRef = 55A91F8D29C4D7A8004576B0 /* SelectLocationVC.swift */; };
		55B3B8C529C60C4000B3DA5E /* UIHelper.swift in Sources */ = {isa = PBXBuildFile; fileRef = 55B3B8C429C60C4000B3DA5E /* UIHelper.swift */; };
		55B3B8C729C6122600B3DA5E /* GoogleService-Info.plist in Resources */ = {isa = PBXBuildFile; fileRef = 55B3B8C629C6122600B3DA5E /* GoogleService-Info.plist */; };
		55C4120929C4A0000073A8CD /* AppDelegate.swift in Sources */ = {isa = PBXBuildFile; fileRef = 55C4120829C4A0000073A8CD /* AppDelegate.swift */; };
		55C4120B29C4A0000073A8CD /* SceneDelegate.swift in Sources */ = {isa = PBXBuildFile; fileRef = 55C4120A29C4A0000073A8CD /* SceneDelegate.swift */; };
		55C4120D29C4A0000073A8CD /* ViewController.swift in Sources */ = {isa = PBXBuildFile; fileRef = 55C4120C29C4A0000073A8CD /* ViewController.swift */; };
		55C4121029C4A0000073A8CD /* Main.storyboard in Resources */ = {isa = PBXBuildFile; fileRef = 55C4120E29C4A0000073A8CD /* Main.storyboard */; };
		55C4121329C4A0000073A8CD /* AssignNova.xcdatamodeld in Sources */ = {isa = PBXBuildFile; fileRef = 55C4121129C4A0000073A8CD /* AssignNova.xcdatamodeld */; };
		55C4121529C4A0010073A8CD /* Assets.xcassets in Resources */ = {isa = PBXBuildFile; fileRef = 55C4121429C4A0010073A8CD /* Assets.xcassets */; };
		55C4121829C4A0010073A8CD /* LaunchScreen.storyboard in Resources */ = {isa = PBXBuildFile; fileRef = 55C4121629C4A0010073A8CD /* LaunchScreen.storyboard */; };
		55C4122329C4A0010073A8CD /* AssignNovaTests.swift in Sources */ = {isa = PBXBuildFile; fileRef = 55C4122229C4A0010073A8CD /* AssignNovaTests.swift */; };
		55C4122D29C4A0010073A8CD /* AssignNovaUITests.swift in Sources */ = {isa = PBXBuildFile; fileRef = 55C4122C29C4A0010073A8CD /* AssignNovaUITests.swift */; };
		55C4122F29C4A0010073A8CD /* AssignNovaUITestsLaunchTests.swift in Sources */ = {isa = PBXBuildFile; fileRef = 55C4122E29C4A0010073A8CD /* AssignNovaUITestsLaunchTests.swift */; };
		55C4123C29C4A72A0073A8CD /* ScrollView.xib in Resources */ = {isa = PBXBuildFile; fileRef = 55C4123B29C4A72A0073A8CD /* ScrollView.xib */; };
		55D95F2C29C514FC0098B3CC /* OtpInput.storyboard in Resources */ = {isa = PBXBuildFile; fileRef = 55D95F2B29C514FC0098B3CC /* OtpInput.storyboard */; };
		7E0E769B771588EED44D8877 /* Pods_AssignNova.framework in Frameworks */ = {isa = PBXBuildFile; fileRef = BE0A1387ED4CA040130344EE /* Pods_AssignNova.framework */; };
/* End PBXBuildFile section */

/* Begin PBXContainerItemProxy section */
		55C4121F29C4A0010073A8CD /* PBXContainerItemProxy */ = {
			isa = PBXContainerItemProxy;
			containerPortal = 55C411FD29C4A0000073A8CD /* Project object */;
			proxyType = 1;
			remoteGlobalIDString = 55C4120429C4A0000073A8CD;
			remoteInfo = AssignNova;
		};
		55C4122929C4A0010073A8CD /* PBXContainerItemProxy */ = {
			isa = PBXContainerItemProxy;
			containerPortal = 55C411FD29C4A0000073A8CD /* Project object */;
			proxyType = 1;
			remoteGlobalIDString = 55C4120429C4A0000073A8CD;
			remoteInfo = AssignNova;
		};
/* End PBXContainerItemProxy section */

/* Begin PBXFileReference section */
		330E4D6029C66743008BDE3A /* SignUpEmployee.storyboard */ = {isa = PBXFileReference; lastKnownFileType = file.storyboard; path = SignUpEmployee.storyboard; sourceTree = "<group>"; };
		330E4D6229C66780008BDE3A /* SignUpEmployeeViewController.swift */ = {isa = PBXFileReference; lastKnownFileType = sourcecode.swift; path = SignUpEmployeeViewController.swift; sourceTree = "<group>"; };
		330E4D6429C67438008BDE3A /* SignUpEmployeeSetupViewController.swift */ = {isa = PBXFileReference; lastKnownFileType = sourcecode.swift; path = SignUpEmployeeSetupViewController.swift; sourceTree = "<group>"; };
		330E4D6629C67F4B008BDE3A /* ConfirmEmployeeEmailViewController.swift */ = {isa = PBXFileReference; lastKnownFileType = sourcecode.swift; path = ConfirmEmployeeEmailViewController.swift; sourceTree = "<group>"; };
		33255D5B29C6455D004A49FB /* SignInScreen.storyboard */ = {isa = PBXFileReference; lastKnownFileType = file.storyboard; path = SignInScreen.storyboard; sourceTree = "<group>"; };
		33255D5D29C64576004A49FB /* SignInVC.swift */ = {isa = PBXFileReference; lastKnownFileType = sourcecode.swift; path = SignInVC.swift; sourceTree = "<group>"; };
		552396E229C6592C00EE9323 /* SignUpBusinessAccountVC.swift */ = {isa = PBXFileReference; lastKnownFileType = sourcecode.swift; path = SignUpBusinessAccountVC.swift; sourceTree = "<group>"; };
		552396E429C6647700EE9323 /* PlanCard.xib */ = {isa = PBXFileReference; lastKnownFileType = file.xib; path = PlanCard.xib; sourceTree = "<group>"; };
		552396E629C6665600EE9323 /* UIView+CornerRadius.swift */ = {isa = PBXFileReference; lastKnownFileType = sourcecode.swift; path = "UIView+CornerRadius.swift"; sourceTree = "<group>"; };
		552396E829C6670A00EE9323 /* PlanCard.swift */ = {isa = PBXFileReference; lastKnownFileType = sourcecode.swift; path = PlanCard.swift; sourceTree = "<group>"; };
		552396EA29C668D500EE9323 /* SetupBusinessVC.swift */ = {isa = PBXFileReference; lastKnownFileType = sourcecode.swift; path = SetupBusinessVC.swift; sourceTree = "<group>"; };
		553D5BE429C630D600EB46B9 /* AuthHelper.swift */ = {isa = PBXFileReference; lastKnownFileType = sourcecode.swift; path = AuthHelper.swift; sourceTree = "<group>"; };
		553D5BE629C654A300EB46B9 /* SignUpBusiness.storyboard */ = {isa = PBXFileReference; lastKnownFileType = file.storyboard; path = SignUpBusiness.storyboard; sourceTree = "<group>"; };
		554917B429C4E59E00132051 /* SelectLocation.storyboard */ = {isa = PBXFileReference; lastKnownFileType = file.storyboard; path = SelectLocation.storyboard; sourceTree = "<group>"; };
		554917B829C4F59400132051 /* TextInput.xib */ = {isa = PBXFileReference; lastKnownFileType = file.xib; path = TextInput.xib; sourceTree = "<group>"; };
		554917BB29C4F7F400132051 /* TextInput.swift */ = {isa = PBXFileReference; lastKnownFileType = sourcecode.swift; path = TextInput.swift; sourceTree = "<group>"; };
		5549DA5329C76E3200E51828 /* ValidationHelper.swift */ = {isa = PBXFileReference; lastKnownFileType = sourcecode.swift; path = ValidationHelper.swift; sourceTree = "<group>"; };
		5549DA5729C7E38E00E51828 /* LoadingViewController.swift */ = {isa = PBXFileReference; lastKnownFileType = sourcecode.swift; path = LoadingViewController.swift; sourceTree = "<group>"; };
		5549DA5929C7F11300E51828 /* FirestoreHelper.swift */ = {isa = PBXFileReference; lastKnownFileType = sourcecode.swift; path = FirestoreHelper.swift; sourceTree = "<group>"; };
		5549DA5C29C7F15C00E51828 /* User.swift */ = {isa = PBXFileReference; lastKnownFileType = sourcecode.swift; path = User.swift; sourceTree = "<group>"; };
		5549DA5E29C88EA900E51828 /* Business.swift */ = {isa = PBXFileReference; lastKnownFileType = sourcecode.swift; path = Business.swift; sourceTree = "<group>"; };
		5549DA6029C8A80200E51828 /* UIViewController+isModal.swift */ = {isa = PBXFileReference; lastKnownFileType = sourcecode.swift; path = "UIViewController+isModal.swift"; sourceTree = "<group>"; };
		5549DA6229C8B06B00E51828 /* TabBar.storyboard */ = {isa = PBXFileReference; lastKnownFileType = file.storyboard; path = TabBar.storyboard; sourceTree = "<group>"; };
		5549DA6429C8BE3800E51828 /* MoreTabVC.swift */ = {isa = PBXFileReference; lastKnownFileType = sourcecode.swift; path = MoreTabVC.swift; sourceTree = "<group>"; };
		558DD27429C514D500909594 /* OtpInputVC.swift */ = {isa = PBXFileReference; lastKnownFileType = sourcecode.swift; path = OtpInputVC.swift; sourceTree = "<group>"; };
		55A91F8D29C4D7A8004576B0 /* SelectLocationVC.swift */ = {isa = PBXFileReference; lastKnownFileType = sourcecode.swift; path = SelectLocationVC.swift; sourceTree = "<group>"; };
		55B3B8C429C60C4000B3DA5E /* UIHelper.swift */ = {isa = PBXFileReference; lastKnownFileType = sourcecode.swift; path = UIHelper.swift; sourceTree = "<group>"; };
		55B3B8C629C6122600B3DA5E /* GoogleService-Info.plist */ = {isa = PBXFileReference; fileEncoding = 4; lastKnownFileType = text.plist.xml; path = "GoogleService-Info.plist"; sourceTree = "<group>"; };
		55C4120529C4A0000073A8CD /* AssignNova.app */ = {isa = PBXFileReference; explicitFileType = wrapper.application; includeInIndex = 0; path = AssignNova.app; sourceTree = BUILT_PRODUCTS_DIR; };
		55C4120829C4A0000073A8CD /* AppDelegate.swift */ = {isa = PBXFileReference; lastKnownFileType = sourcecode.swift; path = AppDelegate.swift; sourceTree = "<group>"; };
		55C4120A29C4A0000073A8CD /* SceneDelegate.swift */ = {isa = PBXFileReference; lastKnownFileType = sourcecode.swift; path = SceneDelegate.swift; sourceTree = "<group>"; };
		55C4120C29C4A0000073A8CD /* ViewController.swift */ = {isa = PBXFileReference; lastKnownFileType = sourcecode.swift; path = ViewController.swift; sourceTree = "<group>"; };
		55C4120F29C4A0000073A8CD /* Base */ = {isa = PBXFileReference; lastKnownFileType = file.storyboard; name = Base; path = Base.lproj/Main.storyboard; sourceTree = "<group>"; };
		55C4121229C4A0000073A8CD /* AssignNova.xcdatamodel */ = {isa = PBXFileReference; lastKnownFileType = wrapper.xcdatamodel; path = AssignNova.xcdatamodel; sourceTree = "<group>"; };
		55C4121429C4A0010073A8CD /* Assets.xcassets */ = {isa = PBXFileReference; lastKnownFileType = folder.assetcatalog; path = Assets.xcassets; sourceTree = "<group>"; };
		55C4121729C4A0010073A8CD /* Base */ = {isa = PBXFileReference; lastKnownFileType = file.storyboard; name = Base; path = Base.lproj/LaunchScreen.storyboard; sourceTree = "<group>"; };
		55C4121929C4A0010073A8CD /* Info.plist */ = {isa = PBXFileReference; lastKnownFileType = text.plist.xml; path = Info.plist; sourceTree = "<group>"; };
		55C4121E29C4A0010073A8CD /* AssignNovaTests.xctest */ = {isa = PBXFileReference; explicitFileType = wrapper.cfbundle; includeInIndex = 0; path = AssignNovaTests.xctest; sourceTree = BUILT_PRODUCTS_DIR; };
		55C4122229C4A0010073A8CD /* AssignNovaTests.swift */ = {isa = PBXFileReference; lastKnownFileType = sourcecode.swift; path = AssignNovaTests.swift; sourceTree = "<group>"; };
		55C4122829C4A0010073A8CD /* AssignNovaUITests.xctest */ = {isa = PBXFileReference; explicitFileType = wrapper.cfbundle; includeInIndex = 0; path = AssignNovaUITests.xctest; sourceTree = BUILT_PRODUCTS_DIR; };
		55C4122C29C4A0010073A8CD /* AssignNovaUITests.swift */ = {isa = PBXFileReference; lastKnownFileType = sourcecode.swift; path = AssignNovaUITests.swift; sourceTree = "<group>"; };
		55C4122E29C4A0010073A8CD /* AssignNovaUITestsLaunchTests.swift */ = {isa = PBXFileReference; lastKnownFileType = sourcecode.swift; path = AssignNovaUITestsLaunchTests.swift; sourceTree = "<group>"; };
		55C4123B29C4A72A0073A8CD /* ScrollView.xib */ = {isa = PBXFileReference; lastKnownFileType = file.xib; path = ScrollView.xib; sourceTree = "<group>"; };
		55D95F2B29C514FC0098B3CC /* OtpInput.storyboard */ = {isa = PBXFileReference; lastKnownFileType = file.storyboard; path = OtpInput.storyboard; sourceTree = "<group>"; };
		AFE0B8775FAE9BA1AD1D90A5 /* Pods-AssignNova.release.xcconfig */ = {isa = PBXFileReference; includeInIndex = 1; lastKnownFileType = text.xcconfig; name = "Pods-AssignNova.release.xcconfig"; path = "Target Support Files/Pods-AssignNova/Pods-AssignNova.release.xcconfig"; sourceTree = "<group>"; };
		BE0A1387ED4CA040130344EE /* Pods_AssignNova.framework */ = {isa = PBXFileReference; explicitFileType = wrapper.framework; includeInIndex = 0; path = Pods_AssignNova.framework; sourceTree = BUILT_PRODUCTS_DIR; };
		C2A9A1537EB4F670C7526AC3 /* Pods-AssignNova.debug.xcconfig */ = {isa = PBXFileReference; includeInIndex = 1; lastKnownFileType = text.xcconfig; name = "Pods-AssignNova.debug.xcconfig"; path = "Target Support Files/Pods-AssignNova/Pods-AssignNova.debug.xcconfig"; sourceTree = "<group>"; };
/* End PBXFileReference section */

/* Begin PBXFrameworksBuildPhase section */
		55C4120229C4A0000073A8CD /* Frameworks */ = {
			isa = PBXFrameworksBuildPhase;
			buildActionMask = 2147483647;
			files = (
				7E0E769B771588EED44D8877 /* Pods_AssignNova.framework in Frameworks */,
			);
			runOnlyForDeploymentPostprocessing = 0;
		};
		55C4121B29C4A0010073A8CD /* Frameworks */ = {
			isa = PBXFrameworksBuildPhase;
			buildActionMask = 2147483647;
			files = (
			);
			runOnlyForDeploymentPostprocessing = 0;
		};
		55C4122529C4A0010073A8CD /* Frameworks */ = {
			isa = PBXFrameworksBuildPhase;
			buildActionMask = 2147483647;
			files = (
			);
			runOnlyForDeploymentPostprocessing = 0;
		};
/* End PBXFrameworksBuildPhase section */

/* Begin PBXGroup section */
		3FD6630CCD6F4507E4F1D1D1 /* Frameworks */ = {
			isa = PBXGroup;
			children = (
				BE0A1387ED4CA040130344EE /* Pods_AssignNova.framework */,
			);
			name = Frameworks;
			sourceTree = "<group>";
		};
		552396DF29C6589400EE9323 /* extensions */ = {
			isa = PBXGroup;
			children = (
				552396E629C6665600EE9323 /* UIView+CornerRadius.swift */,
				5549DA6029C8A80200E51828 /* UIViewController+isModal.swift */,
			);
			path = extensions;
			sourceTree = "<group>";
		};
		554917B329C4E58C00132051 /* view */ = {
			isa = PBXGroup;
			children = (
				55C4120E29C4A0000073A8CD /* Main.storyboard */,
				554917B429C4E59E00132051 /* SelectLocation.storyboard */,
				55C4123B29C4A72A0073A8CD /* ScrollView.xib */,
				55C4121629C4A0010073A8CD /* LaunchScreen.storyboard */,
				554917B829C4F59400132051 /* TextInput.xib */,
				55D95F2B29C514FC0098B3CC /* OtpInput.storyboard */,
				330E4D6029C66743008BDE3A /* SignUpEmployee.storyboard */,
				33255D5B29C6455D004A49FB /* SignInScreen.storyboard */,
				553D5BE629C654A300EB46B9 /* SignUpBusiness.storyboard */,
				552396E429C6647700EE9323 /* PlanCard.xib */,
				5549DA6229C8B06B00E51828 /* TabBar.storyboard */,
			);
			path = view;
			sourceTree = "<group>";
		};
		5549DA5B29C7F15200E51828 /* model */ = {
			isa = PBXGroup;
			children = (
				5549DA5C29C7F15C00E51828 /* User.swift */,
				5549DA5E29C88EA900E51828 /* Business.swift */,
			);
			path = model;
			sourceTree = "<group>";
		};
		55A91F9129C4D837004576B0 /* controller */ = {
			isa = PBXGroup;
			children = (
				55C4120C29C4A0000073A8CD /* ViewController.swift */,
				55A91F8D29C4D7A8004576B0 /* SelectLocationVC.swift */,
				554917BB29C4F7F400132051 /* TextInput.swift */,
				552396E829C6670A00EE9323 /* PlanCard.swift */,
				558DD27429C514D500909594 /* OtpInputVC.swift */,
				552396E229C6592C00EE9323 /* SignUpBusinessAccountVC.swift */,
				552396EA29C668D500EE9323 /* SetupBusinessVC.swift */,
				5549DA5729C7E38E00E51828 /* LoadingViewController.swift */,
				330E4D6229C66780008BDE3A /* SignUpEmployeeViewController.swift */,
				330E4D6429C67438008BDE3A /* SignUpEmployeeSetupViewController.swift */,
				330E4D6629C67F4B008BDE3A /* ConfirmEmployeeEmailViewController.swift */,
				33255D5D29C64576004A49FB /* SignInVC.swift */,
				5549DA6429C8BE3800E51828 /* MoreTabVC.swift */,
			);
			path = controller;
			sourceTree = "<group>";
		};
		55B3B8C329C60BE100B3DA5E /* helper */ = {
			isa = PBXGroup;
			children = (
				55B3B8C429C60C4000B3DA5E /* UIHelper.swift */,
				553D5BE429C630D600EB46B9 /* AuthHelper.swift */,
				5549DA5329C76E3200E51828 /* ValidationHelper.swift */,
				5549DA5929C7F11300E51828 /* FirestoreHelper.swift */,
			);
			path = helper;
			sourceTree = "<group>";
		};
		55C411FC29C4A0000073A8CD = {
			isa = PBXGroup;
			children = (
				55C4120729C4A0000073A8CD /* AssignNova */,
				55C4122129C4A0010073A8CD /* AssignNovaTests */,
				55C4122B29C4A0010073A8CD /* AssignNovaUITests */,
				55C4120629C4A0000073A8CD /* Products */,
				B15CD8872D00593289DD5294 /* Pods */,
				3FD6630CCD6F4507E4F1D1D1 /* Frameworks */,
			);
			sourceTree = "<group>";
		};
		55C4120629C4A0000073A8CD /* Products */ = {
			isa = PBXGroup;
			children = (
				55C4120529C4A0000073A8CD /* AssignNova.app */,
				55C4121E29C4A0010073A8CD /* AssignNovaTests.xctest */,
				55C4122829C4A0010073A8CD /* AssignNovaUITests.xctest */,
			);
			name = Products;
			sourceTree = "<group>";
		};
		55C4120729C4A0000073A8CD /* AssignNova */ = {
			isa = PBXGroup;
			children = (
				5549DA5B29C7F15200E51828 /* model */,
				552396DF29C6589400EE9323 /* extensions */,
				55B3B8C329C60BE100B3DA5E /* helper */,
				554917B329C4E58C00132051 /* view */,
				55A91F9129C4D837004576B0 /* controller */,
				55C4120829C4A0000073A8CD /* AppDelegate.swift */,
				55C4120A29C4A0000073A8CD /* SceneDelegate.swift */,
				55C4121429C4A0010073A8CD /* Assets.xcassets */,
				55C4121929C4A0010073A8CD /* Info.plist */,
				55C4121129C4A0000073A8CD /* AssignNova.xcdatamodeld */,
				55B3B8C629C6122600B3DA5E /* GoogleService-Info.plist */,
			);
			path = AssignNova;
			sourceTree = "<group>";
		};
		55C4122129C4A0010073A8CD /* AssignNovaTests */ = {
			isa = PBXGroup;
			children = (
				55C4122229C4A0010073A8CD /* AssignNovaTests.swift */,
			);
			path = AssignNovaTests;
			sourceTree = "<group>";
		};
		55C4122B29C4A0010073A8CD /* AssignNovaUITests */ = {
			isa = PBXGroup;
			children = (
				55C4122C29C4A0010073A8CD /* AssignNovaUITests.swift */,
				55C4122E29C4A0010073A8CD /* AssignNovaUITestsLaunchTests.swift */,
			);
			path = AssignNovaUITests;
			sourceTree = "<group>";
		};
		B15CD8872D00593289DD5294 /* Pods */ = {
			isa = PBXGroup;
			children = (
				C2A9A1537EB4F670C7526AC3 /* Pods-AssignNova.debug.xcconfig */,
				AFE0B8775FAE9BA1AD1D90A5 /* Pods-AssignNova.release.xcconfig */,
			);
			path = Pods;
			sourceTree = "<group>";
		};
/* End PBXGroup section */

/* Begin PBXNativeTarget section */
		55C4120429C4A0000073A8CD /* AssignNova */ = {
			isa = PBXNativeTarget;
			buildConfigurationList = 55C4123229C4A0010073A8CD /* Build configuration list for PBXNativeTarget "AssignNova" */;
			buildPhases = (
				3455F3A53D31CA47CBB5EC1E /* [CP] Check Pods Manifest.lock */,
				55C4120129C4A0000073A8CD /* Sources */,
				55C4120229C4A0000073A8CD /* Frameworks */,
				55C4120329C4A0000073A8CD /* Resources */,
				6F223DFC8F19F3D807E6ACFB /* [CP] Copy Pods Resources */,
				6656848F931B13970B68A0A4 /* [CP] Embed Pods Frameworks */,
			);
			buildRules = (
			);
			dependencies = (
			);
			name = AssignNova;
			productName = AssignNova;
			productReference = 55C4120529C4A0000073A8CD /* AssignNova.app */;
			productType = "com.apple.product-type.application";
		};
		55C4121D29C4A0010073A8CD /* AssignNovaTests */ = {
			isa = PBXNativeTarget;
			buildConfigurationList = 55C4123529C4A0010073A8CD /* Build configuration list for PBXNativeTarget "AssignNovaTests" */;
			buildPhases = (
				55C4121A29C4A0010073A8CD /* Sources */,
				55C4121B29C4A0010073A8CD /* Frameworks */,
				55C4121C29C4A0010073A8CD /* Resources */,
			);
			buildRules = (
			);
			dependencies = (
				55C4122029C4A0010073A8CD /* PBXTargetDependency */,
			);
			name = AssignNovaTests;
			productName = AssignNovaTests;
			productReference = 55C4121E29C4A0010073A8CD /* AssignNovaTests.xctest */;
			productType = "com.apple.product-type.bundle.unit-test";
		};
		55C4122729C4A0010073A8CD /* AssignNovaUITests */ = {
			isa = PBXNativeTarget;
			buildConfigurationList = 55C4123829C4A0010073A8CD /* Build configuration list for PBXNativeTarget "AssignNovaUITests" */;
			buildPhases = (
				55C4122429C4A0010073A8CD /* Sources */,
				55C4122529C4A0010073A8CD /* Frameworks */,
				55C4122629C4A0010073A8CD /* Resources */,
			);
			buildRules = (
			);
			dependencies = (
				55C4122A29C4A0010073A8CD /* PBXTargetDependency */,
			);
			name = AssignNovaUITests;
			productName = AssignNovaUITests;
			productReference = 55C4122829C4A0010073A8CD /* AssignNovaUITests.xctest */;
			productType = "com.apple.product-type.bundle.ui-testing";
		};
/* End PBXNativeTarget section */

/* Begin PBXProject section */
		55C411FD29C4A0000073A8CD /* Project object */ = {
			isa = PBXProject;
			attributes = {
				BuildIndependentTargetsInParallel = 1;
				LastSwiftUpdateCheck = 1420;
				LastUpgradeCheck = 1420;
				TargetAttributes = {
					55C4120429C4A0000073A8CD = {
						CreatedOnToolsVersion = 14.2;
					};
					55C4121D29C4A0010073A8CD = {
						CreatedOnToolsVersion = 14.2;
						TestTargetID = 55C4120429C4A0000073A8CD;
					};
					55C4122729C4A0010073A8CD = {
						CreatedOnToolsVersion = 14.2;
						TestTargetID = 55C4120429C4A0000073A8CD;
					};
				};
			};
			buildConfigurationList = 55C4120029C4A0000073A8CD /* Build configuration list for PBXProject "AssignNova" */;
			compatibilityVersion = "Xcode 14.0";
			developmentRegion = en;
			hasScannedForEncodings = 0;
			knownRegions = (
				en,
				Base,
			);
			mainGroup = 55C411FC29C4A0000073A8CD;
			productRefGroup = 55C4120629C4A0000073A8CD /* Products */;
			projectDirPath = "";
			projectRoot = "";
			targets = (
				55C4120429C4A0000073A8CD /* AssignNova */,
				55C4121D29C4A0010073A8CD /* AssignNovaTests */,
				55C4122729C4A0010073A8CD /* AssignNovaUITests */,
			);
		};
/* End PBXProject section */

/* Begin PBXResourcesBuildPhase section */
		55C4120329C4A0000073A8CD /* Resources */ = {
			isa = PBXResourcesBuildPhase;
			buildActionMask = 2147483647;
			files = (
				554917B529C4E59E00132051 /* SelectLocation.storyboard in Resources */,
				330E4D6129C66743008BDE3A /* SignUpEmployee.storyboard in Resources */,
				5549DA6329C8B06B00E51828 /* TabBar.storyboard in Resources */,
				55B3B8C729C6122600B3DA5E /* GoogleService-Info.plist in Resources */,
				553D5BE729C654A300EB46B9 /* SignUpBusiness.storyboard in Resources */,
				554917B929C4F59400132051 /* TextInput.xib in Resources */,
				55C4121829C4A0010073A8CD /* LaunchScreen.storyboard in Resources */,
				55C4123C29C4A72A0073A8CD /* ScrollView.xib in Resources */,
				33255D5C29C6455D004A49FB /* SignInScreen.storyboard in Resources */,
				552396E529C6647700EE9323 /* PlanCard.xib in Resources */,
				55C4121529C4A0010073A8CD /* Assets.xcassets in Resources */,
				55C4121029C4A0000073A8CD /* Main.storyboard in Resources */,
				55D95F2C29C514FC0098B3CC /* OtpInput.storyboard in Resources */,
			);
			runOnlyForDeploymentPostprocessing = 0;
		};
		55C4121C29C4A0010073A8CD /* Resources */ = {
			isa = PBXResourcesBuildPhase;
			buildActionMask = 2147483647;
			files = (
			);
			runOnlyForDeploymentPostprocessing = 0;
		};
		55C4122629C4A0010073A8CD /* Resources */ = {
			isa = PBXResourcesBuildPhase;
			buildActionMask = 2147483647;
			files = (
			);
			runOnlyForDeploymentPostprocessing = 0;
		};
/* End PBXResourcesBuildPhase section */

/* Begin PBXShellScriptBuildPhase section */
		3455F3A53D31CA47CBB5EC1E /* [CP] Check Pods Manifest.lock */ = {
			isa = PBXShellScriptBuildPhase;
			buildActionMask = 2147483647;
			files = (
			);
			inputFileListPaths = (
			);
			inputPaths = (
				"${PODS_PODFILE_DIR_PATH}/Podfile.lock",
				"${PODS_ROOT}/Manifest.lock",
			);
			name = "[CP] Check Pods Manifest.lock";
			outputFileListPaths = (
			);
			outputPaths = (
				"$(DERIVED_FILE_DIR)/Pods-AssignNova-checkManifestLockResult.txt",
			);
			runOnlyForDeploymentPostprocessing = 0;
			shellPath = /bin/sh;
			shellScript = "diff \"${PODS_PODFILE_DIR_PATH}/Podfile.lock\" \"${PODS_ROOT}/Manifest.lock\" > /dev/null\nif [ $? != 0 ] ; then\n    # print error to STDERR\n    echo \"error: The sandbox is not in sync with the Podfile.lock. Run 'pod install' or update your CocoaPods installation.\" >&2\n    exit 1\nfi\n# This output is used by Xcode 'outputs' to avoid re-running this script phase.\necho \"SUCCESS\" > \"${SCRIPT_OUTPUT_FILE_0}\"\n";
			showEnvVarsInLog = 0;
		};
		6656848F931B13970B68A0A4 /* [CP] Embed Pods Frameworks */ = {
			isa = PBXShellScriptBuildPhase;
			buildActionMask = 2147483647;
			files = (
			);
			inputFileListPaths = (
				"${PODS_ROOT}/Target Support Files/Pods-AssignNova/Pods-AssignNova-frameworks-${CONFIGURATION}-input-files.xcfilelist",
			);
			name = "[CP] Embed Pods Frameworks";
			outputFileListPaths = (
				"${PODS_ROOT}/Target Support Files/Pods-AssignNova/Pods-AssignNova-frameworks-${CONFIGURATION}-output-files.xcfilelist",
			);
			runOnlyForDeploymentPostprocessing = 0;
			shellPath = /bin/sh;
			shellScript = "\"${PODS_ROOT}/Target Support Files/Pods-AssignNova/Pods-AssignNova-frameworks.sh\"\n";
			showEnvVarsInLog = 0;
		};
		6F223DFC8F19F3D807E6ACFB /* [CP] Copy Pods Resources */ = {
			isa = PBXShellScriptBuildPhase;
			buildActionMask = 2147483647;
			files = (
			);
			inputFileListPaths = (
				"${PODS_ROOT}/Target Support Files/Pods-AssignNova/Pods-AssignNova-resources-${CONFIGURATION}-input-files.xcfilelist",
			);
			name = "[CP] Copy Pods Resources";
			outputFileListPaths = (
				"${PODS_ROOT}/Target Support Files/Pods-AssignNova/Pods-AssignNova-resources-${CONFIGURATION}-output-files.xcfilelist",
			);
			runOnlyForDeploymentPostprocessing = 0;
			shellPath = /bin/sh;
			shellScript = "\"${PODS_ROOT}/Target Support Files/Pods-AssignNova/Pods-AssignNova-resources.sh\"\n";
			showEnvVarsInLog = 0;
		};
/* End PBXShellScriptBuildPhase section */

/* Begin PBXSourcesBuildPhase section */
		55C4120129C4A0000073A8CD /* Sources */ = {
			isa = PBXSourcesBuildPhase;
			buildActionMask = 2147483647;
			files = (
				558DD27629C514D500909594 /* OtpInputVC.swift in Sources */,
				5549DA5829C7E38E00E51828 /* LoadingViewController.swift in Sources */,
				33255D5E29C64576004A49FB /* SignInVC.swift in Sources */,
				55C4121329C4A0000073A8CD /* AssignNova.xcdatamodeld in Sources */,
				552396E929C6670A00EE9323 /* PlanCard.swift in Sources */,
				5549DA6129C8A80200E51828 /* UIViewController+isModal.swift in Sources */,
				5549DA5A29C7F11300E51828 /* FirestoreHelper.swift in Sources */,
				552396E329C6592C00EE9323 /* SignUpBusinessAccountVC.swift in Sources */,
				55C4120D29C4A0000073A8CD /* ViewController.swift in Sources */,
				55C4120929C4A0000073A8CD /* AppDelegate.swift in Sources */,
				55A91F8F29C4D7A8004576B0 /* SelectLocationVC.swift in Sources */,
				55C4120B29C4A0000073A8CD /* SceneDelegate.swift in Sources */,
				330E4D6329C66780008BDE3A /* SignUpEmployeeViewController.swift in Sources */,
				330E4D6529C67438008BDE3A /* SignUpEmployeeSetupViewController.swift in Sources */,
				330E4D6729C67F4B008BDE3A /* ConfirmEmployeeEmailViewController.swift in Sources */,
				55B3B8C529C60C4000B3DA5E /* UIHelper.swift in Sources */,
				5549DA5F29C88EA900E51828 /* Business.swift in Sources */,
				5549DA5429C76E3200E51828 /* ValidationHelper.swift in Sources */,
				552396E729C6665600EE9323 /* UIView+CornerRadius.swift in Sources */,
				5549DA6529C8BE3800E51828 /* MoreTabVC.swift in Sources */,
				554917BC29C4F7F400132051 /* TextInput.swift in Sources */,
				552396EB29C668D500EE9323 /* SetupBusinessVC.swift in Sources */,
				553D5BE529C630D600EB46B9 /* AuthHelper.swift in Sources */,
				5549DA5D29C7F15C00E51828 /* User.swift in Sources */,
			);
			runOnlyForDeploymentPostprocessing = 0;
		};
		55C4121A29C4A0010073A8CD /* Sources */ = {
			isa = PBXSourcesBuildPhase;
			buildActionMask = 2147483647;
			files = (
				55C4122329C4A0010073A8CD /* AssignNovaTests.swift in Sources */,
			);
			runOnlyForDeploymentPostprocessing = 0;
		};
		55C4122429C4A0010073A8CD /* Sources */ = {
			isa = PBXSourcesBuildPhase;
			buildActionMask = 2147483647;
			files = (
				55C4122D29C4A0010073A8CD /* AssignNovaUITests.swift in Sources */,
				55C4122F29C4A0010073A8CD /* AssignNovaUITestsLaunchTests.swift in Sources */,
			);
			runOnlyForDeploymentPostprocessing = 0;
		};
/* End PBXSourcesBuildPhase section */

/* Begin PBXTargetDependency section */
		55C4122029C4A0010073A8CD /* PBXTargetDependency */ = {
			isa = PBXTargetDependency;
			target = 55C4120429C4A0000073A8CD /* AssignNova */;
			targetProxy = 55C4121F29C4A0010073A8CD /* PBXContainerItemProxy */;
		};
		55C4122A29C4A0010073A8CD /* PBXTargetDependency */ = {
			isa = PBXTargetDependency;
			target = 55C4120429C4A0000073A8CD /* AssignNova */;
			targetProxy = 55C4122929C4A0010073A8CD /* PBXContainerItemProxy */;
		};
/* End PBXTargetDependency section */

/* Begin PBXVariantGroup section */
		55C4120E29C4A0000073A8CD /* Main.storyboard */ = {
			isa = PBXVariantGroup;
			children = (
				55C4120F29C4A0000073A8CD /* Base */,
			);
			name = Main.storyboard;
			sourceTree = "<group>";
		};
		55C4121629C4A0010073A8CD /* LaunchScreen.storyboard */ = {
			isa = PBXVariantGroup;
			children = (
				55C4121729C4A0010073A8CD /* Base */,
			);
			name = LaunchScreen.storyboard;
			sourceTree = "<group>";
		};
/* End PBXVariantGroup section */

/* Begin XCBuildConfiguration section */
		55C4123029C4A0010073A8CD /* Debug */ = {
			isa = XCBuildConfiguration;
			buildSettings = {
				ALWAYS_SEARCH_USER_PATHS = NO;
				CLANG_ANALYZER_NONNULL = YES;
				CLANG_ANALYZER_NUMBER_OBJECT_CONVERSION = YES_AGGRESSIVE;
				CLANG_CXX_LANGUAGE_STANDARD = "gnu++20";
				CLANG_ENABLE_MODULES = YES;
				CLANG_ENABLE_OBJC_ARC = YES;
				CLANG_ENABLE_OBJC_WEAK = YES;
				CLANG_WARN_BLOCK_CAPTURE_AUTORELEASING = YES;
				CLANG_WARN_BOOL_CONVERSION = YES;
				CLANG_WARN_COMMA = YES;
				CLANG_WARN_CONSTANT_CONVERSION = YES;
				CLANG_WARN_DEPRECATED_OBJC_IMPLEMENTATIONS = YES;
				CLANG_WARN_DIRECT_OBJC_ISA_USAGE = YES_ERROR;
				CLANG_WARN_DOCUMENTATION_COMMENTS = YES;
				CLANG_WARN_EMPTY_BODY = YES;
				CLANG_WARN_ENUM_CONVERSION = YES;
				CLANG_WARN_INFINITE_RECURSION = YES;
				CLANG_WARN_INT_CONVERSION = YES;
				CLANG_WARN_NON_LITERAL_NULL_CONVERSION = YES;
				CLANG_WARN_OBJC_IMPLICIT_RETAIN_SELF = YES;
				CLANG_WARN_OBJC_LITERAL_CONVERSION = YES;
				CLANG_WARN_OBJC_ROOT_CLASS = YES_ERROR;
				CLANG_WARN_QUOTED_INCLUDE_IN_FRAMEWORK_HEADER = YES;
				CLANG_WARN_RANGE_LOOP_ANALYSIS = YES;
				CLANG_WARN_STRICT_PROTOTYPES = YES;
				CLANG_WARN_SUSPICIOUS_MOVE = YES;
				CLANG_WARN_UNGUARDED_AVAILABILITY = YES_AGGRESSIVE;
				CLANG_WARN_UNREACHABLE_CODE = YES;
				CLANG_WARN__DUPLICATE_METHOD_MATCH = YES;
				COPY_PHASE_STRIP = NO;
				DEBUG_INFORMATION_FORMAT = dwarf;
				ENABLE_STRICT_OBJC_MSGSEND = YES;
				ENABLE_TESTABILITY = YES;
				"EXCLUDED_ARCHS[sdk=iphonesimulator*]" = arm64;
				GCC_C_LANGUAGE_STANDARD = gnu11;
				GCC_DYNAMIC_NO_PIC = NO;
				GCC_NO_COMMON_BLOCKS = YES;
				GCC_OPTIMIZATION_LEVEL = 0;
				GCC_PREPROCESSOR_DEFINITIONS = (
					"DEBUG=1",
					"$(inherited)",
				);
				GCC_WARN_64_TO_32_BIT_CONVERSION = YES;
				GCC_WARN_ABOUT_RETURN_TYPE = YES_ERROR;
				GCC_WARN_UNDECLARED_SELECTOR = YES;
				GCC_WARN_UNINITIALIZED_AUTOS = YES_AGGRESSIVE;
				GCC_WARN_UNUSED_FUNCTION = YES;
				GCC_WARN_UNUSED_VARIABLE = YES;
				IPHONEOS_DEPLOYMENT_TARGET = 16.2;
				MTL_ENABLE_DEBUG_INFO = INCLUDE_SOURCE;
				MTL_FAST_MATH = YES;
				ONLY_ACTIVE_ARCH = YES;
				SDKROOT = iphoneos;
				SWIFT_ACTIVE_COMPILATION_CONDITIONS = DEBUG;
				SWIFT_OPTIMIZATION_LEVEL = "-Onone";
			};
			name = Debug;
		};
		55C4123129C4A0010073A8CD /* Release */ = {
			isa = XCBuildConfiguration;
			buildSettings = {
				ALWAYS_SEARCH_USER_PATHS = NO;
				CLANG_ANALYZER_NONNULL = YES;
				CLANG_ANALYZER_NUMBER_OBJECT_CONVERSION = YES_AGGRESSIVE;
				CLANG_CXX_LANGUAGE_STANDARD = "gnu++20";
				CLANG_ENABLE_MODULES = YES;
				CLANG_ENABLE_OBJC_ARC = YES;
				CLANG_ENABLE_OBJC_WEAK = YES;
				CLANG_WARN_BLOCK_CAPTURE_AUTORELEASING = YES;
				CLANG_WARN_BOOL_CONVERSION = YES;
				CLANG_WARN_COMMA = YES;
				CLANG_WARN_CONSTANT_CONVERSION = YES;
				CLANG_WARN_DEPRECATED_OBJC_IMPLEMENTATIONS = YES;
				CLANG_WARN_DIRECT_OBJC_ISA_USAGE = YES_ERROR;
				CLANG_WARN_DOCUMENTATION_COMMENTS = YES;
				CLANG_WARN_EMPTY_BODY = YES;
				CLANG_WARN_ENUM_CONVERSION = YES;
				CLANG_WARN_INFINITE_RECURSION = YES;
				CLANG_WARN_INT_CONVERSION = YES;
				CLANG_WARN_NON_LITERAL_NULL_CONVERSION = YES;
				CLANG_WARN_OBJC_IMPLICIT_RETAIN_SELF = YES;
				CLANG_WARN_OBJC_LITERAL_CONVERSION = YES;
				CLANG_WARN_OBJC_ROOT_CLASS = YES_ERROR;
				CLANG_WARN_QUOTED_INCLUDE_IN_FRAMEWORK_HEADER = YES;
				CLANG_WARN_RANGE_LOOP_ANALYSIS = YES;
				CLANG_WARN_STRICT_PROTOTYPES = YES;
				CLANG_WARN_SUSPICIOUS_MOVE = YES;
				CLANG_WARN_UNGUARDED_AVAILABILITY = YES_AGGRESSIVE;
				CLANG_WARN_UNREACHABLE_CODE = YES;
				CLANG_WARN__DUPLICATE_METHOD_MATCH = YES;
				COPY_PHASE_STRIP = NO;
				DEBUG_INFORMATION_FORMAT = "dwarf-with-dsym";
				ENABLE_NS_ASSERTIONS = NO;
				ENABLE_STRICT_OBJC_MSGSEND = YES;
				GCC_C_LANGUAGE_STANDARD = gnu11;
				GCC_NO_COMMON_BLOCKS = YES;
				GCC_WARN_64_TO_32_BIT_CONVERSION = YES;
				GCC_WARN_ABOUT_RETURN_TYPE = YES_ERROR;
				GCC_WARN_UNDECLARED_SELECTOR = YES;
				GCC_WARN_UNINITIALIZED_AUTOS = YES_AGGRESSIVE;
				GCC_WARN_UNUSED_FUNCTION = YES;
				GCC_WARN_UNUSED_VARIABLE = YES;
				IPHONEOS_DEPLOYMENT_TARGET = 16.2;
				MTL_ENABLE_DEBUG_INFO = NO;
				MTL_FAST_MATH = YES;
				ONLY_ACTIVE_ARCH = YES;
				SDKROOT = iphoneos;
				SWIFT_COMPILATION_MODE = wholemodule;
				SWIFT_OPTIMIZATION_LEVEL = "-O";
				VALIDATE_PRODUCT = YES;
			};
			name = Release;
		};
		55C4123329C4A0010073A8CD /* Debug */ = {
			isa = XCBuildConfiguration;
			baseConfigurationReference = C2A9A1537EB4F670C7526AC3 /* Pods-AssignNova.debug.xcconfig */;
			buildSettings = {
				ASSETCATALOG_COMPILER_APPICON_NAME = AppIcon;
				ASSETCATALOG_COMPILER_GLOBAL_ACCENT_COLOR_NAME = AccentColor;
				CODE_SIGN_STYLE = Automatic;
				CURRENT_PROJECT_VERSION = 1;
				DEVELOPMENT_TEAM = L9Z24WLH63;
				"EXCLUDED_ARCHS[sdk=iphonesimulator*]" = "";
				GENERATE_INFOPLIST_FILE = YES;
				INFOPLIST_FILE = AssignNova/Info.plist;
				INFOPLIST_KEY_CFBundleDisplayName = AssignNova;
				INFOPLIST_KEY_UIApplicationSupportsIndirectInputEvents = YES;
				INFOPLIST_KEY_UILaunchStoryboardName = LaunchScreen;
				INFOPLIST_KEY_UIMainStoryboardFile = Main;
				INFOPLIST_KEY_UISupportedInterfaceOrientations_iPad = "UIInterfaceOrientationPortrait UIInterfaceOrientationPortraitUpsideDown UIInterfaceOrientationLandscapeLeft UIInterfaceOrientationLandscapeRight";
				INFOPLIST_KEY_UISupportedInterfaceOrientations_iPhone = "UIInterfaceOrientationPortrait UIInterfaceOrientationLandscapeLeft UIInterfaceOrientationLandscapeRight";
				LD_RUNPATH_SEARCH_PATHS = (
					"$(inherited)",
					"@executable_path/Frameworks",
				);
				MARKETING_VERSION = 1.0;
				PRODUCT_BUNDLE_IDENTIFIER = com.techtoids.assignnova;
				PRODUCT_NAME = "$(TARGET_NAME)";
				SWIFT_EMIT_LOC_STRINGS = YES;
				SWIFT_VERSION = 5.0;
				TARGETED_DEVICE_FAMILY = "1,2";
			};
			name = Debug;
		};
		55C4123429C4A0010073A8CD /* Release */ = {
			isa = XCBuildConfiguration;
			baseConfigurationReference = AFE0B8775FAE9BA1AD1D90A5 /* Pods-AssignNova.release.xcconfig */;
			buildSettings = {
				ASSETCATALOG_COMPILER_APPICON_NAME = AppIcon;
				ASSETCATALOG_COMPILER_GLOBAL_ACCENT_COLOR_NAME = AccentColor;
				CODE_SIGN_STYLE = Automatic;
				CURRENT_PROJECT_VERSION = 1;
				DEVELOPMENT_TEAM = L9Z24WLH63;
				GENERATE_INFOPLIST_FILE = YES;
				INFOPLIST_FILE = AssignNova/Info.plist;
				INFOPLIST_KEY_CFBundleDisplayName = AssignNova;
				INFOPLIST_KEY_UIApplicationSupportsIndirectInputEvents = YES;
				INFOPLIST_KEY_UILaunchStoryboardName = LaunchScreen;
				INFOPLIST_KEY_UIMainStoryboardFile = Main;
				INFOPLIST_KEY_UISupportedInterfaceOrientations_iPad = "UIInterfaceOrientationPortrait UIInterfaceOrientationPortraitUpsideDown UIInterfaceOrientationLandscapeLeft UIInterfaceOrientationLandscapeRight";
				INFOPLIST_KEY_UISupportedInterfaceOrientations_iPhone = "UIInterfaceOrientationPortrait UIInterfaceOrientationLandscapeLeft UIInterfaceOrientationLandscapeRight";
				LD_RUNPATH_SEARCH_PATHS = (
					"$(inherited)",
					"@executable_path/Frameworks",
				);
				MARKETING_VERSION = 1.0;
				PRODUCT_BUNDLE_IDENTIFIER = com.techtoids.assignnova;
				PRODUCT_NAME = "$(TARGET_NAME)";
				SWIFT_EMIT_LOC_STRINGS = YES;
				SWIFT_VERSION = 5.0;
				TARGETED_DEVICE_FAMILY = "1,2";
			};
			name = Release;
		};
		55C4123629C4A0010073A8CD /* Debug */ = {
			isa = XCBuildConfiguration;
			buildSettings = {
				ALWAYS_EMBED_SWIFT_STANDARD_LIBRARIES = YES;
				BUNDLE_LOADER = "$(TEST_HOST)";
				CODE_SIGN_STYLE = Automatic;
				CURRENT_PROJECT_VERSION = 1;
				GENERATE_INFOPLIST_FILE = YES;
				IPHONEOS_DEPLOYMENT_TARGET = 16.2;
				MARKETING_VERSION = 1.0;
				PRODUCT_BUNDLE_IDENTIFIER = com.techtoids.AssignNovaTests;
				PRODUCT_NAME = "$(TARGET_NAME)";
				SWIFT_EMIT_LOC_STRINGS = NO;
				SWIFT_VERSION = 5.0;
				TARGETED_DEVICE_FAMILY = "1,2";
				TEST_HOST = "$(BUILT_PRODUCTS_DIR)/AssignNova.app/$(BUNDLE_EXECUTABLE_FOLDER_PATH)/AssignNova";
			};
			name = Debug;
		};
		55C4123729C4A0010073A8CD /* Release */ = {
			isa = XCBuildConfiguration;
			buildSettings = {
				ALWAYS_EMBED_SWIFT_STANDARD_LIBRARIES = YES;
				BUNDLE_LOADER = "$(TEST_HOST)";
				CODE_SIGN_STYLE = Automatic;
				CURRENT_PROJECT_VERSION = 1;
				GENERATE_INFOPLIST_FILE = YES;
				IPHONEOS_DEPLOYMENT_TARGET = 16.2;
				MARKETING_VERSION = 1.0;
				PRODUCT_BUNDLE_IDENTIFIER = com.techtoids.AssignNovaTests;
				PRODUCT_NAME = "$(TARGET_NAME)";
				SWIFT_EMIT_LOC_STRINGS = NO;
				SWIFT_VERSION = 5.0;
				TARGETED_DEVICE_FAMILY = "1,2";
				TEST_HOST = "$(BUILT_PRODUCTS_DIR)/AssignNova.app/$(BUNDLE_EXECUTABLE_FOLDER_PATH)/AssignNova";
			};
			name = Release;
		};
		55C4123929C4A0010073A8CD /* Debug */ = {
			isa = XCBuildConfiguration;
			buildSettings = {
				ALWAYS_EMBED_SWIFT_STANDARD_LIBRARIES = YES;
				CODE_SIGN_STYLE = Automatic;
				CURRENT_PROJECT_VERSION = 1;
				GENERATE_INFOPLIST_FILE = YES;
				MARKETING_VERSION = 1.0;
				PRODUCT_BUNDLE_IDENTIFIER = com.techtoids.AssignNovaUITests;
				PRODUCT_NAME = "$(TARGET_NAME)";
				SWIFT_EMIT_LOC_STRINGS = NO;
				SWIFT_VERSION = 5.0;
				TARGETED_DEVICE_FAMILY = "1,2";
				TEST_TARGET_NAME = AssignNova;
			};
			name = Debug;
		};
		55C4123A29C4A0010073A8CD /* Release */ = {
			isa = XCBuildConfiguration;
			buildSettings = {
				ALWAYS_EMBED_SWIFT_STANDARD_LIBRARIES = YES;
				CODE_SIGN_STYLE = Automatic;
				CURRENT_PROJECT_VERSION = 1;
				GENERATE_INFOPLIST_FILE = YES;
				MARKETING_VERSION = 1.0;
				PRODUCT_BUNDLE_IDENTIFIER = com.techtoids.AssignNovaUITests;
				PRODUCT_NAME = "$(TARGET_NAME)";
				SWIFT_EMIT_LOC_STRINGS = NO;
				SWIFT_VERSION = 5.0;
				TARGETED_DEVICE_FAMILY = "1,2";
				TEST_TARGET_NAME = AssignNova;
			};
			name = Release;
		};
/* End XCBuildConfiguration section */

/* Begin XCConfigurationList section */
		55C4120029C4A0000073A8CD /* Build configuration list for PBXProject "AssignNova" */ = {
			isa = XCConfigurationList;
			buildConfigurations = (
				55C4123029C4A0010073A8CD /* Debug */,
				55C4123129C4A0010073A8CD /* Release */,
			);
			defaultConfigurationIsVisible = 0;
			defaultConfigurationName = Release;
		};
		55C4123229C4A0010073A8CD /* Build configuration list for PBXNativeTarget "AssignNova" */ = {
			isa = XCConfigurationList;
			buildConfigurations = (
				55C4123329C4A0010073A8CD /* Debug */,
				55C4123429C4A0010073A8CD /* Release */,
			);
			defaultConfigurationIsVisible = 0;
			defaultConfigurationName = Release;
		};
		55C4123529C4A0010073A8CD /* Build configuration list for PBXNativeTarget "AssignNovaTests" */ = {
			isa = XCConfigurationList;
			buildConfigurations = (
				55C4123629C4A0010073A8CD /* Debug */,
				55C4123729C4A0010073A8CD /* Release */,
			);
			defaultConfigurationIsVisible = 0;
			defaultConfigurationName = Release;
		};
		55C4123829C4A0010073A8CD /* Build configuration list for PBXNativeTarget "AssignNovaUITests" */ = {
			isa = XCConfigurationList;
			buildConfigurations = (
				55C4123929C4A0010073A8CD /* Debug */,
				55C4123A29C4A0010073A8CD /* Release */,
			);
			defaultConfigurationIsVisible = 0;
			defaultConfigurationName = Release;
		};
/* End XCConfigurationList section */

/* Begin XCVersionGroup section */
		55C4121129C4A0000073A8CD /* AssignNova.xcdatamodeld */ = {
			isa = XCVersionGroup;
			children = (
				55C4121229C4A0000073A8CD /* AssignNova.xcdatamodel */,
			);
			currentVersion = 55C4121229C4A0000073A8CD /* AssignNova.xcdatamodel */;
			path = AssignNova.xcdatamodeld;
			sourceTree = "<group>";
			versionGroupType = wrapper.xcdatamodel;
		};
/* End XCVersionGroup section */
	};
	rootObject = 55C411FD29C4A0000073A8CD /* Project object */;
}
